// !$*UTF8*$!
{
	archiveVersion = 1;
	classes = {
	};
	objectVersion = 55;
	objects = {

/* Begin PBXBuildFile section */
		F81F14E527C75FE00069FFA8 /* TOCartViewModel.swift in Sources */ = {isa = PBXBuildFile; fileRef = F81F14E427C75FE00069FFA8 /* TOCartViewModel.swift */; };
		F81F14E727C87C540069FFA8 /* TOCartResponse.swift in Sources */ = {isa = PBXBuildFile; fileRef = F81F14E627C87C540069FFA8 /* TOCartResponse.swift */; };
		F81F14E927C8BBAA0069FFA8 /* TOUserViewModel.swift in Sources */ = {isa = PBXBuildFile; fileRef = F81F14E827C8BBAA0069FFA8 /* TOUserViewModel.swift */; };
		F8252A7827C5202B00D80724 /* GoogleService-Info.plist in Resources */ = {isa = PBXBuildFile; fileRef = F8252A7727C5202B00D80724 /* GoogleService-Info.plist */; };
		F8252A7927C5202B00D80724 /* GoogleService-Info.plist in Resources */ = {isa = PBXBuildFile; fileRef = F8252A7727C5202B00D80724 /* GoogleService-Info.plist */; };
		F8252A7C27C5223700D80724 /* FirebaseAnalytics in Frameworks */ = {isa = PBXBuildFile; productRef = F8252A7B27C5223700D80724 /* FirebaseAnalytics */; };
		F8252A7F27C8DDF900D80724 /* PopupView in Frameworks */ = {isa = PBXBuildFile; productRef = F8252A7E27C8DDF900D80724 /* PopupView */; };
		F8252A8227C8DE7900D80724 /* Kingfisher in Frameworks */ = {isa = PBXBuildFile; productRef = F8252A8127C8DE7900D80724 /* Kingfisher */; };
		F8252A8427C8E72200D80724 /* TOToastView.swift in Sources */ = {isa = PBXBuildFile; fileRef = F8252A8327C8E72200D80724 /* TOToastView.swift */; };
		F8252A8527C8E72200D80724 /* TOToastView.swift in Sources */ = {isa = PBXBuildFile; fileRef = F8252A8327C8E72200D80724 /* TOToastView.swift */; };
		F8639CB027C615BB00CDE134 /* TOFoodsResponse.swift in Sources */ = {isa = PBXBuildFile; fileRef = F8639CAF27C615BB00CDE134 /* TOFoodsResponse.swift */; };
		F8639CB227C618EC00CDE134 /* TOAPIService.swift in Sources */ = {isa = PBXBuildFile; fileRef = F8639CB127C618EC00CDE134 /* TOAPIService.swift */; };
		F8639CB427C6198400CDE134 /* TOMenuListViewModel.swift in Sources */ = {isa = PBXBuildFile; fileRef = F8639CB327C6198400CDE134 /* TOMenuListViewModel.swift */; };
		F8639CB827C74B5700CDE134 /* TOTestView.swift in Sources */ = {isa = PBXBuildFile; fileRef = F8639CB727C74B5700CDE134 /* TOTestView.swift */; };
		F8A57CD427C6091900138905 /* API.swift in Sources */ = {isa = PBXBuildFile; fileRef = F8A57CD327C6091900138905 /* API.swift */; };
		F8A57CD627C6098000138905 /* APISession.swift in Sources */ = {isa = PBXBuildFile; fileRef = F8A57CD527C6098000138905 /* APISession.swift */; };
		F8A57CD827C611BB00138905 /* TOAPIRequest.swift in Sources */ = {isa = PBXBuildFile; fileRef = F8A57CD727C611BB00138905 /* TOAPIRequest.swift */; };
		F8C9EA5927C9F7AB00B9949F /* TOLoadingView.swift in Sources */ = {isa = PBXBuildFile; fileRef = F8C9EA5827C9F7AB00B9949F /* TOLoadingView.swift */; };
		F8C9EA5A27C9F7AB00B9949F /* TOLoadingView.swift in Sources */ = {isa = PBXBuildFile; fileRef = F8C9EA5827C9F7AB00B9949F /* TOLoadingView.swift */; };
		F8FBF7F427C3269300571A32 /* TapOrderApp.swift in Sources */ = {isa = PBXBuildFile; fileRef = F8FBF7E427C3269200571A32 /* TapOrderApp.swift */; };
		F8FBF7F527C3269300571A32 /* TapOrderApp.swift in Sources */ = {isa = PBXBuildFile; fileRef = F8FBF7E427C3269200571A32 /* TapOrderApp.swift */; };
		F8FBF7F627C3269300571A32 /* ContentView.swift in Sources */ = {isa = PBXBuildFile; fileRef = F8FBF7E527C3269200571A32 /* ContentView.swift */; };
		F8FBF7F727C3269300571A32 /* ContentView.swift in Sources */ = {isa = PBXBuildFile; fileRef = F8FBF7E527C3269200571A32 /* ContentView.swift */; };
		F8FBF7F827C3269300571A32 /* Assets.xcassets in Resources */ = {isa = PBXBuildFile; fileRef = F8FBF7E627C3269300571A32 /* Assets.xcassets */; };
		F8FBF7F927C3269300571A32 /* Assets.xcassets in Resources */ = {isa = PBXBuildFile; fileRef = F8FBF7E627C3269300571A32 /* Assets.xcassets */; };
		F8FBF80327C343A000571A32 /* TOUtils.swift in Sources */ = {isa = PBXBuildFile; fileRef = F8FBF80227C343A000571A32 /* TOUtils.swift */; };
		F8FBF80427C343A000571A32 /* TOUtils.swift in Sources */ = {isa = PBXBuildFile; fileRef = F8FBF80227C343A000571A32 /* TOUtils.swift */; };
		F8FBF80C27C363F700571A32 /* TOMenuListView.swift in Sources */ = {isa = PBXBuildFile; fileRef = F8FBF80B27C363F700571A32 /* TOMenuListView.swift */; };
		F8FBF80D27C363F700571A32 /* TOMenuListView.swift in Sources */ = {isa = PBXBuildFile; fileRef = F8FBF80B27C363F700571A32 /* TOMenuListView.swift */; };
		F8FBF80F27C36FF300571A32 /* TOMenuCategoryCell.swift in Sources */ = {isa = PBXBuildFile; fileRef = F8FBF80E27C36FF300571A32 /* TOMenuCategoryCell.swift */; };
		F8FBF81027C36FF300571A32 /* TOMenuCategoryCell.swift in Sources */ = {isa = PBXBuildFile; fileRef = F8FBF80E27C36FF300571A32 /* TOMenuCategoryCell.swift */; };
		F8FBF81227C3769E00571A32 /* TOMenuListCell.swift in Sources */ = {isa = PBXBuildFile; fileRef = F8FBF81127C3769E00571A32 /* TOMenuListCell.swift */; };
		F8FBF81327C3769E00571A32 /* TOMenuListCell.swift in Sources */ = {isa = PBXBuildFile; fileRef = F8FBF81127C3769E00571A32 /* TOMenuListCell.swift */; };
		F8FBF81527C472E500571A32 /* TOMainView.swift in Sources */ = {isa = PBXBuildFile; fileRef = F8FBF81427C472E500571A32 /* TOMainView.swift */; };
		F8FBF81627C472E500571A32 /* TOMainView.swift in Sources */ = {isa = PBXBuildFile; fileRef = F8FBF81427C472E500571A32 /* TOMainView.swift */; };
		F8FBF81827C47F2D00571A32 /* TOStartView.swift in Sources */ = {isa = PBXBuildFile; fileRef = F8FBF81727C47F2D00571A32 /* TOStartView.swift */; };
		F8FBF81927C47F2D00571A32 /* TOStartView.swift in Sources */ = {isa = PBXBuildFile; fileRef = F8FBF81727C47F2D00571A32 /* TOStartView.swift */; };
		F8FBF81B27C4A05900571A32 /* TOCartView.swift in Sources */ = {isa = PBXBuildFile; fileRef = F8FBF81A27C4A05900571A32 /* TOCartView.swift */; };
		F8FBF81C27C4A05900571A32 /* TOCartView.swift in Sources */ = {isa = PBXBuildFile; fileRef = F8FBF81A27C4A05900571A32 /* TOCartView.swift */; };
		F8FBF81E27C4A06C00571A32 /* TOOrderListView.swift in Sources */ = {isa = PBXBuildFile; fileRef = F8FBF81D27C4A06C00571A32 /* TOOrderListView.swift */; };
		F8FBF81F27C4A06C00571A32 /* TOOrderListView.swift in Sources */ = {isa = PBXBuildFile; fileRef = F8FBF81D27C4A06C00571A32 /* TOOrderListView.swift */; };
		F8FBF82127C4AFCB00571A32 /* TOCartCell.swift in Sources */ = {isa = PBXBuildFile; fileRef = F8FBF82027C4AFCB00571A32 /* TOCartCell.swift */; };
		F8FBF82227C4AFCB00571A32 /* TOCartCell.swift in Sources */ = {isa = PBXBuildFile; fileRef = F8FBF82027C4AFCB00571A32 /* TOCartCell.swift */; };
		F8FBF82427C4AFD600571A32 /* TOOrderListCell.swift in Sources */ = {isa = PBXBuildFile; fileRef = F8FBF82327C4AFD600571A32 /* TOOrderListCell.swift */; };
		F8FBF82527C4AFD600571A32 /* TOOrderListCell.swift in Sources */ = {isa = PBXBuildFile; fileRef = F8FBF82327C4AFD600571A32 /* TOOrderListCell.swift */; };
/* End PBXBuildFile section */

/* Begin PBXFileReference section */
		F81F14E427C75FE00069FFA8 /* TOCartViewModel.swift */ = {isa = PBXFileReference; lastKnownFileType = sourcecode.swift; path = TOCartViewModel.swift; sourceTree = "<group>"; };
		F81F14E627C87C540069FFA8 /* TOCartResponse.swift */ = {isa = PBXFileReference; lastKnownFileType = sourcecode.swift; path = TOCartResponse.swift; sourceTree = "<group>"; };
		F81F14E827C8BBAA0069FFA8 /* TOUserViewModel.swift */ = {isa = PBXFileReference; lastKnownFileType = sourcecode.swift; path = TOUserViewModel.swift; sourceTree = "<group>"; };
		F8252A7727C5202B00D80724 /* GoogleService-Info.plist */ = {isa = PBXFileReference; lastKnownFileType = text.plist; path = "GoogleService-Info.plist"; sourceTree = SOURCE_ROOT; };
		F8252A8327C8E72200D80724 /* TOToastView.swift */ = {isa = PBXFileReference; lastKnownFileType = sourcecode.swift; path = TOToastView.swift; sourceTree = "<group>"; };
		F8639CAF27C615BB00CDE134 /* TOFoodsResponse.swift */ = {isa = PBXFileReference; lastKnownFileType = sourcecode.swift; path = TOFoodsResponse.swift; sourceTree = "<group>"; };
		F8639CB127C618EC00CDE134 /* TOAPIService.swift */ = {isa = PBXFileReference; lastKnownFileType = sourcecode.swift; path = TOAPIService.swift; sourceTree = "<group>"; };
		F8639CB327C6198400CDE134 /* TOMenuListViewModel.swift */ = {isa = PBXFileReference; lastKnownFileType = sourcecode.swift; path = TOMenuListViewModel.swift; sourceTree = "<group>"; };
		F8639CB727C74B5700CDE134 /* TOTestView.swift */ = {isa = PBXFileReference; lastKnownFileType = sourcecode.swift; path = TOTestView.swift; sourceTree = "<group>"; };
		F8A57CD327C6091900138905 /* API.swift */ = {isa = PBXFileReference; lastKnownFileType = sourcecode.swift; path = API.swift; sourceTree = "<group>"; };
		F8A57CD527C6098000138905 /* APISession.swift */ = {isa = PBXFileReference; lastKnownFileType = sourcecode.swift; path = APISession.swift; sourceTree = "<group>"; };
		F8A57CD727C611BB00138905 /* TOAPIRequest.swift */ = {isa = PBXFileReference; lastKnownFileType = sourcecode.swift; path = TOAPIRequest.swift; sourceTree = "<group>"; };
		F8C9EA5827C9F7AB00B9949F /* TOLoadingView.swift */ = {isa = PBXFileReference; lastKnownFileType = sourcecode.swift; path = TOLoadingView.swift; sourceTree = "<group>"; };
		F8FBF7E427C3269200571A32 /* TapOrderApp.swift */ = {isa = PBXFileReference; lastKnownFileType = sourcecode.swift; path = TapOrderApp.swift; sourceTree = "<group>"; };
		F8FBF7E527C3269200571A32 /* ContentView.swift */ = {isa = PBXFileReference; lastKnownFileType = sourcecode.swift; path = ContentView.swift; sourceTree = "<group>"; };
		F8FBF7E627C3269300571A32 /* Assets.xcassets */ = {isa = PBXFileReference; lastKnownFileType = folder.assetcatalog; path = Assets.xcassets; sourceTree = "<group>"; };
		F8FBF7EB27C3269300571A32 /* TapOrder.app */ = {isa = PBXFileReference; explicitFileType = wrapper.application; includeInIndex = 0; path = TapOrder.app; sourceTree = BUILT_PRODUCTS_DIR; };
		F8FBF7F127C3269300571A32 /* TapOrder.app */ = {isa = PBXFileReference; explicitFileType = wrapper.application; includeInIndex = 0; path = TapOrder.app; sourceTree = BUILT_PRODUCTS_DIR; };
		F8FBF7F327C3269300571A32 /* macOS.entitlements */ = {isa = PBXFileReference; lastKnownFileType = text.plist.entitlements; path = macOS.entitlements; sourceTree = "<group>"; };
		F8FBF80227C343A000571A32 /* TOUtils.swift */ = {isa = PBXFileReference; lastKnownFileType = sourcecode.swift; path = TOUtils.swift; sourceTree = "<group>"; };
		F8FBF80B27C363F700571A32 /* TOMenuListView.swift */ = {isa = PBXFileReference; lastKnownFileType = sourcecode.swift; path = TOMenuListView.swift; sourceTree = "<group>"; };
		F8FBF80E27C36FF300571A32 /* TOMenuCategoryCell.swift */ = {isa = PBXFileReference; lastKnownFileType = sourcecode.swift; path = TOMenuCategoryCell.swift; sourceTree = "<group>"; };
		F8FBF81127C3769E00571A32 /* TOMenuListCell.swift */ = {isa = PBXFileReference; lastKnownFileType = sourcecode.swift; path = TOMenuListCell.swift; sourceTree = "<group>"; };
		F8FBF81427C472E500571A32 /* TOMainView.swift */ = {isa = PBXFileReference; lastKnownFileType = sourcecode.swift; path = TOMainView.swift; sourceTree = "<group>"; };
		F8FBF81727C47F2D00571A32 /* TOStartView.swift */ = {isa = PBXFileReference; lastKnownFileType = sourcecode.swift; path = TOStartView.swift; sourceTree = "<group>"; };
		F8FBF81A27C4A05900571A32 /* TOCartView.swift */ = {isa = PBXFileReference; lastKnownFileType = sourcecode.swift; path = TOCartView.swift; sourceTree = "<group>"; };
		F8FBF81D27C4A06C00571A32 /* TOOrderListView.swift */ = {isa = PBXFileReference; lastKnownFileType = sourcecode.swift; path = TOOrderListView.swift; sourceTree = "<group>"; };
		F8FBF82027C4AFCB00571A32 /* TOCartCell.swift */ = {isa = PBXFileReference; lastKnownFileType = sourcecode.swift; path = TOCartCell.swift; sourceTree = "<group>"; };
		F8FBF82327C4AFD600571A32 /* TOOrderListCell.swift */ = {isa = PBXFileReference; lastKnownFileType = sourcecode.swift; path = TOOrderListCell.swift; sourceTree = "<group>"; };
/* End PBXFileReference section */

/* Begin PBXFrameworksBuildPhase section */
		F8FBF7E827C3269300571A32 /* Frameworks */ = {
			isa = PBXFrameworksBuildPhase;
			buildActionMask = 2147483647;
			files = (
				F8252A8227C8DE7900D80724 /* Kingfisher in Frameworks */,
				F8252A7F27C8DDF900D80724 /* PopupView in Frameworks */,
				F8252A7C27C5223700D80724 /* FirebaseAnalytics in Frameworks */,
			);
			runOnlyForDeploymentPostprocessing = 0;
		};
		F8FBF7EE27C3269300571A32 /* Frameworks */ = {
			isa = PBXFrameworksBuildPhase;
			buildActionMask = 2147483647;
			files = (
			);
			runOnlyForDeploymentPostprocessing = 0;
		};
/* End PBXFrameworksBuildPhase section */

/* Begin PBXGroup section */
		F8A57CD227C607DB00138905 /* UI */ = {
			isa = PBXGroup;
			children = (
				F8639CB727C74B5700CDE134 /* TOTestView.swift */,
				F8FBF82027C4AFCB00571A32 /* TOCartCell.swift */,
				F8FBF82327C4AFD600571A32 /* TOOrderListCell.swift */,
				F8FBF81A27C4A05900571A32 /* TOCartView.swift */,
				F8FBF81D27C4A06C00571A32 /* TOOrderListView.swift */,
				F8FBF81727C47F2D00571A32 /* TOStartView.swift */,
				F8FBF81427C472E500571A32 /* TOMainView.swift */,
				F8FBF81127C3769E00571A32 /* TOMenuListCell.swift */,
				F8FBF80E27C36FF300571A32 /* TOMenuCategoryCell.swift */,
				F8FBF80B27C363F700571A32 /* TOMenuListView.swift */,
				F8252A8327C8E72200D80724 /* TOToastView.swift */,
				F8C9EA5827C9F7AB00B9949F /* TOLoadingView.swift */,
			);
			path = UI;
			sourceTree = "<group>";
		};
		F8FBF7DE27C3269100571A32 = {
			isa = PBXGroup;
			children = (
				F81F14E827C8BBAA0069FFA8 /* TOUserViewModel.swift */,
				F81F14E427C75FE00069FFA8 /* TOCartViewModel.swift */,
				F8639CB327C6198400CDE134 /* TOMenuListViewModel.swift */,
				F8639CB127C618EC00CDE134 /* TOAPIService.swift */,
				F8639CAF27C615BB00CDE134 /* TOFoodsResponse.swift */,
				F81F14E627C87C540069FFA8 /* TOCartResponse.swift */,
				F8A57CD727C611BB00138905 /* TOAPIRequest.swift */,
				F8A57CD527C6098000138905 /* APISession.swift */,
				F8A57CD327C6091900138905 /* API.swift */,
				F8A57CD227C607DB00138905 /* UI */,
				F8FBF7E327C3269200571A32 /* Shared */,
				F8FBF7F227C3269300571A32 /* macOS */,
				F8FBF7EC27C3269300571A32 /* Products */,
			);
			sourceTree = "<group>";
		};
		F8FBF7E327C3269200571A32 /* Shared */ = {
			isa = PBXGroup;
			children = (
				F8252A7727C5202B00D80724 /* GoogleService-Info.plist */,
				F8FBF7E427C3269200571A32 /* TapOrderApp.swift */,
				F8FBF7E527C3269200571A32 /* ContentView.swift */,
				F8FBF7E627C3269300571A32 /* Assets.xcassets */,
				F8FBF80227C343A000571A32 /* TOUtils.swift */,
			);
			path = Shared;
			sourceTree = "<group>";
		};
		F8FBF7EC27C3269300571A32 /* Products */ = {
			isa = PBXGroup;
			children = (
				F8FBF7EB27C3269300571A32 /* TapOrder.app */,
				F8FBF7F127C3269300571A32 /* TapOrder.app */,
			);
			name = Products;
			sourceTree = "<group>";
		};
		F8FBF7F227C3269300571A32 /* macOS */ = {
			isa = PBXGroup;
			children = (
				F8FBF7F327C3269300571A32 /* macOS.entitlements */,
			);
			path = macOS;
			sourceTree = "<group>";
		};
/* End PBXGroup section */

/* Begin PBXNativeTarget section */
		F8FBF7EA27C3269300571A32 /* TapOrder (iOS) */ = {
			isa = PBXNativeTarget;
			buildConfigurationList = F8FBF7FC27C3269300571A32 /* Build configuration list for PBXNativeTarget "TapOrder (iOS)" */;
			buildPhases = (
				F8FBF7E727C3269300571A32 /* Sources */,
				F8FBF7E827C3269300571A32 /* Frameworks */,
				F8FBF7E927C3269300571A32 /* Resources */,
			);
			buildRules = (
			);
			dependencies = (
			);
			name = "TapOrder (iOS)";
			packageProductDependencies = (
				F8252A7B27C5223700D80724 /* FirebaseAnalytics */,
				F8252A7E27C8DDF900D80724 /* PopupView */,
				F8252A8127C8DE7900D80724 /* Kingfisher */,
			);
			productName = "TapOrder (iOS)";
			productReference = F8FBF7EB27C3269300571A32 /* TapOrder.app */;
			productType = "com.apple.product-type.application";
		};
		F8FBF7F027C3269300571A32 /* TapOrder (macOS) */ = {
			isa = PBXNativeTarget;
			buildConfigurationList = F8FBF7FF27C3269300571A32 /* Build configuration list for PBXNativeTarget "TapOrder (macOS)" */;
			buildPhases = (
				F8FBF7ED27C3269300571A32 /* Sources */,
				F8FBF7EE27C3269300571A32 /* Frameworks */,
				F8FBF7EF27C3269300571A32 /* Resources */,
			);
			buildRules = (
			);
			dependencies = (
			);
			name = "TapOrder (macOS)";
			productName = "TapOrder (macOS)";
			productReference = F8FBF7F127C3269300571A32 /* TapOrder.app */;
			productType = "com.apple.product-type.application";
		};
/* End PBXNativeTarget section */

/* Begin PBXProject section */
		F8FBF7DF27C3269100571A32 /* Project object */ = {
			isa = PBXProject;
			attributes = {
				BuildIndependentTargetsInParallel = 1;
				LastSwiftUpdateCheck = 1320;
				LastUpgradeCheck = 1320;
				TargetAttributes = {
					F8FBF7EA27C3269300571A32 = {
						CreatedOnToolsVersion = 13.2.1;
					};
					F8FBF7F027C3269300571A32 = {
						CreatedOnToolsVersion = 13.2.1;
					};
				};
			};
			buildConfigurationList = F8FBF7E227C3269100571A32 /* Build configuration list for PBXProject "TapOrder" */;
			compatibilityVersion = "Xcode 13.0";
			developmentRegion = en;
			hasScannedForEncodings = 0;
			knownRegions = (
				en,
				Base,
			);
			mainGroup = F8FBF7DE27C3269100571A32;
			packageReferences = (
				F8252A7A27C5223700D80724 /* XCRemoteSwiftPackageReference "firebase-ios-sdk" */,
				F8252A7D27C8DDF800D80724 /* XCRemoteSwiftPackageReference "PopupView" */,
				F8252A8027C8DE7900D80724 /* XCRemoteSwiftPackageReference "Kingfisher" */,
			);
			productRefGroup = F8FBF7EC27C3269300571A32 /* Products */;
			projectDirPath = "";
			projectRoot = "";
			targets = (
				F8FBF7EA27C3269300571A32 /* TapOrder (iOS) */,
				F8FBF7F027C3269300571A32 /* TapOrder (macOS) */,
			);
		};
/* End PBXProject section */

/* Begin PBXResourcesBuildPhase section */
		F8FBF7E927C3269300571A32 /* Resources */ = {
			isa = PBXResourcesBuildPhase;
			buildActionMask = 2147483647;
			files = (
				F8FBF7F827C3269300571A32 /* Assets.xcassets in Resources */,
				F8252A7827C5202B00D80724 /* GoogleService-Info.plist in Resources */,
			);
			runOnlyForDeploymentPostprocessing = 0;
		};
		F8FBF7EF27C3269300571A32 /* Resources */ = {
			isa = PBXResourcesBuildPhase;
			buildActionMask = 2147483647;
			files = (
				F8FBF7F927C3269300571A32 /* Assets.xcassets in Resources */,
				F8252A7927C5202B00D80724 /* GoogleService-Info.plist in Resources */,
			);
			runOnlyForDeploymentPostprocessing = 0;
		};
/* End PBXResourcesBuildPhase section */

/* Begin PBXSourcesBuildPhase section */
		F8FBF7E727C3269300571A32 /* Sources */ = {
			isa = PBXSourcesBuildPhase;
			buildActionMask = 2147483647;
			files = (
				F8FBF81827C47F2D00571A32 /* TOStartView.swift in Sources */,
				F8FBF7F627C3269300571A32 /* ContentView.swift in Sources */,
				F8A57CD627C6098000138905 /* APISession.swift in Sources */,
				F8FBF81227C3769E00571A32 /* TOMenuListCell.swift in Sources */,
				F8639CB427C6198400CDE134 /* TOMenuListViewModel.swift in Sources */,
				F81F14E527C75FE00069FFA8 /* TOCartViewModel.swift in Sources */,
				F8639CB227C618EC00CDE134 /* TOAPIService.swift in Sources */,
				F8FBF82127C4AFCB00571A32 /* TOCartCell.swift in Sources */,
				F81F14E727C87C540069FFA8 /* TOCartResponse.swift in Sources */,
				F8FBF81527C472E500571A32 /* TOMainView.swift in Sources */,
				F8C9EA5927C9F7AB00B9949F /* TOLoadingView.swift in Sources */,
				F81F14E927C8BBAA0069FFA8 /* TOUserViewModel.swift in Sources */,
				F8FBF80327C343A000571A32 /* TOUtils.swift in Sources */,
				F8252A8427C8E72200D80724 /* TOToastView.swift in Sources */,
				F8FBF80C27C363F700571A32 /* TOMenuListView.swift in Sources */,
				F8A57CD827C611BB00138905 /* TOAPIRequest.swift in Sources */,
				F8FBF80F27C36FF300571A32 /* TOMenuCategoryCell.swift in Sources */,
				F8639CB827C74B5700CDE134 /* TOTestView.swift in Sources */,
				F8A57CD427C6091900138905 /* API.swift in Sources */,
				F8FBF7F427C3269300571A32 /* TapOrderApp.swift in Sources */,
				F8FBF81E27C4A06C00571A32 /* TOOrderListView.swift in Sources */,
				F8639CB027C615BB00CDE134 /* TOFoodsResponse.swift in Sources */,
				F8FBF81B27C4A05900571A32 /* TOCartView.swift in Sources */,
				F8FBF82427C4AFD600571A32 /* TOOrderListCell.swift in Sources */,
			);
			runOnlyForDeploymentPostprocessing = 0;
		};
		F8FBF7ED27C3269300571A32 /* Sources */ = {
			isa = PBXSourcesBuildPhase;
			buildActionMask = 2147483647;
			files = (
				F8FBF81927C47F2D00571A32 /* TOStartView.swift in Sources */,
				F8FBF7F727C3269300571A32 /* ContentView.swift in Sources */,
				F8FBF81327C3769E00571A32 /* TOMenuListCell.swift in Sources */,
				F8FBF82227C4AFCB00571A32 /* TOCartCell.swift in Sources */,
				F8FBF81627C472E500571A32 /* TOMainView.swift in Sources */,
				F8252A8527C8E72200D80724 /* TOToastView.swift in Sources */,
				F8FBF80427C343A000571A32 /* TOUtils.swift in Sources */,
				F8FBF80D27C363F700571A32 /* TOMenuListView.swift in Sources */,
				F8FBF81027C36FF300571A32 /* TOMenuCategoryCell.swift in Sources */,
				F8FBF7F527C3269300571A32 /* TapOrderApp.swift in Sources */,
				F8FBF81F27C4A06C00571A32 /* TOOrderListView.swift in Sources */,
				F8FBF81C27C4A05900571A32 /* TOCartView.swift in Sources */,
				F8C9EA5A27C9F7AB00B9949F /* TOLoadingView.swift in Sources */,
				F8FBF82527C4AFD600571A32 /* TOOrderListCell.swift in Sources */,
			);
			runOnlyForDeploymentPostprocessing = 0;
		};
/* End PBXSourcesBuildPhase section */

/* Begin XCBuildConfiguration section */
		F8FBF7FA27C3269300571A32 /* Debug */ = {
			isa = XCBuildConfiguration;
			buildSettings = {
				ALWAYS_SEARCH_USER_PATHS = NO;
				CLANG_ANALYZER_NONNULL = YES;
				CLANG_ANALYZER_NUMBER_OBJECT_CONVERSION = YES_AGGRESSIVE;
				CLANG_CXX_LANGUAGE_STANDARD = "gnu++17";
				CLANG_CXX_LIBRARY = "libc++";
				CLANG_ENABLE_MODULES = YES;
				CLANG_ENABLE_OBJC_ARC = YES;
				CLANG_ENABLE_OBJC_WEAK = YES;
				CLANG_WARN_BLOCK_CAPTURE_AUTORELEASING = YES;
				CLANG_WARN_BOOL_CONVERSION = YES;
				CLANG_WARN_COMMA = YES;
				CLANG_WARN_CONSTANT_CONVERSION = YES;
				CLANG_WARN_DEPRECATED_OBJC_IMPLEMENTATIONS = YES;
				CLANG_WARN_DIRECT_OBJC_ISA_USAGE = YES_ERROR;
				CLANG_WARN_DOCUMENTATION_COMMENTS = YES;
				CLANG_WARN_EMPTY_BODY = YES;
				CLANG_WARN_ENUM_CONVERSION = YES;
				CLANG_WARN_INFINITE_RECURSION = YES;
				CLANG_WARN_INT_CONVERSION = YES;
				CLANG_WARN_NON_LITERAL_NULL_CONVERSION = YES;
				CLANG_WARN_OBJC_IMPLICIT_RETAIN_SELF = YES;
				CLANG_WARN_OBJC_LITERAL_CONVERSION = YES;
				CLANG_WARN_OBJC_ROOT_CLASS = YES_ERROR;
				CLANG_WARN_QUOTED_INCLUDE_IN_FRAMEWORK_HEADER = YES;
				CLANG_WARN_RANGE_LOOP_ANALYSIS = YES;
				CLANG_WARN_STRICT_PROTOTYPES = YES;
				CLANG_WARN_SUSPICIOUS_MOVE = YES;
				CLANG_WARN_UNGUARDED_AVAILABILITY = YES_AGGRESSIVE;
				CLANG_WARN_UNREACHABLE_CODE = YES;
				CLANG_WARN__DUPLICATE_METHOD_MATCH = YES;
				COPY_PHASE_STRIP = NO;
				DEBUG_INFORMATION_FORMAT = dwarf;
				ENABLE_STRICT_OBJC_MSGSEND = YES;
				ENABLE_TESTABILITY = YES;
				GCC_C_LANGUAGE_STANDARD = gnu11;
				GCC_DYNAMIC_NO_PIC = NO;
				GCC_NO_COMMON_BLOCKS = YES;
				GCC_OPTIMIZATION_LEVEL = 0;
				GCC_PREPROCESSOR_DEFINITIONS = (
					"DEBUG=1",
					"$(inherited)",
				);
				GCC_WARN_64_TO_32_BIT_CONVERSION = YES;
				GCC_WARN_ABOUT_RETURN_TYPE = YES_ERROR;
				GCC_WARN_UNDECLARED_SELECTOR = YES;
				GCC_WARN_UNINITIALIZED_AUTOS = YES_AGGRESSIVE;
				GCC_WARN_UNUSED_FUNCTION = YES;
				GCC_WARN_UNUSED_VARIABLE = YES;
				MTL_ENABLE_DEBUG_INFO = INCLUDE_SOURCE;
				MTL_FAST_MATH = YES;
				ONLY_ACTIVE_ARCH = YES;
				SWIFT_ACTIVE_COMPILATION_CONDITIONS = DEBUG;
				SWIFT_OPTIMIZATION_LEVEL = "-Onone";
			};
			name = Debug;
		};
		F8FBF7FB27C3269300571A32 /* Release */ = {
			isa = XCBuildConfiguration;
			buildSettings = {
				ALWAYS_SEARCH_USER_PATHS = NO;
				CLANG_ANALYZER_NONNULL = YES;
				CLANG_ANALYZER_NUMBER_OBJECT_CONVERSION = YES_AGGRESSIVE;
				CLANG_CXX_LANGUAGE_STANDARD = "gnu++17";
				CLANG_CXX_LIBRARY = "libc++";
				CLANG_ENABLE_MODULES = YES;
				CLANG_ENABLE_OBJC_ARC = YES;
				CLANG_ENABLE_OBJC_WEAK = YES;
				CLANG_WARN_BLOCK_CAPTURE_AUTORELEASING = YES;
				CLANG_WARN_BOOL_CONVERSION = YES;
				CLANG_WARN_COMMA = YES;
				CLANG_WARN_CONSTANT_CONVERSION = YES;
				CLANG_WARN_DEPRECATED_OBJC_IMPLEMENTATIONS = YES;
				CLANG_WARN_DIRECT_OBJC_ISA_USAGE = YES_ERROR;
				CLANG_WARN_DOCUMENTATION_COMMENTS = YES;
				CLANG_WARN_EMPTY_BODY = YES;
				CLANG_WARN_ENUM_CONVERSION = YES;
				CLANG_WARN_INFINITE_RECURSION = YES;
				CLANG_WARN_INT_CONVERSION = YES;
				CLANG_WARN_NON_LITERAL_NULL_CONVERSION = YES;
				CLANG_WARN_OBJC_IMPLICIT_RETAIN_SELF = YES;
				CLANG_WARN_OBJC_LITERAL_CONVERSION = YES;
				CLANG_WARN_OBJC_ROOT_CLASS = YES_ERROR;
				CLANG_WARN_QUOTED_INCLUDE_IN_FRAMEWORK_HEADER = YES;
				CLANG_WARN_RANGE_LOOP_ANALYSIS = YES;
				CLANG_WARN_STRICT_PROTOTYPES = YES;
				CLANG_WARN_SUSPICIOUS_MOVE = YES;
				CLANG_WARN_UNGUARDED_AVAILABILITY = YES_AGGRESSIVE;
				CLANG_WARN_UNREACHABLE_CODE = YES;
				CLANG_WARN__DUPLICATE_METHOD_MATCH = YES;
				COPY_PHASE_STRIP = NO;
				DEBUG_INFORMATION_FORMAT = "dwarf-with-dsym";
				ENABLE_NS_ASSERTIONS = NO;
				ENABLE_STRICT_OBJC_MSGSEND = YES;
				GCC_C_LANGUAGE_STANDARD = gnu11;
				GCC_NO_COMMON_BLOCKS = YES;
				GCC_WARN_64_TO_32_BIT_CONVERSION = YES;
				GCC_WARN_ABOUT_RETURN_TYPE = YES_ERROR;
				GCC_WARN_UNDECLARED_SELECTOR = YES;
				GCC_WARN_UNINITIALIZED_AUTOS = YES_AGGRESSIVE;
				GCC_WARN_UNUSED_FUNCTION = YES;
				GCC_WARN_UNUSED_VARIABLE = YES;
				MTL_ENABLE_DEBUG_INFO = NO;
				MTL_FAST_MATH = YES;
				SWIFT_COMPILATION_MODE = wholemodule;
				SWIFT_OPTIMIZATION_LEVEL = "-O";
			};
			name = Release;
		};
		F8FBF7FD27C3269300571A32 /* Debug */ = {
			isa = XCBuildConfiguration;
			buildSettings = {
				ASSETCATALOG_COMPILER_APPICON_NAME = AppIcon;
				ASSETCATALOG_COMPILER_GLOBAL_ACCENT_COLOR_NAME = AccentColor;
				CODE_SIGN_STYLE = Automatic;
				CURRENT_PROJECT_VERSION = 1;
				DEVELOPMENT_TEAM = 4N44FM69KH;
				ENABLE_PREVIEWS = YES;
				GENERATE_INFOPLIST_FILE = YES;
				INFOPLIST_KEY_UIApplicationSceneManifest_Generation = YES;
				INFOPLIST_KEY_UIApplicationSupportsIndirectInputEvents = YES;
				INFOPLIST_KEY_UILaunchScreen_Generation = YES;
				INFOPLIST_KEY_UISupportedInterfaceOrientations_iPad = "UIInterfaceOrientationPortrait UIInterfaceOrientationPortraitUpsideDown UIInterfaceOrientationLandscapeLeft UIInterfaceOrientationLandscapeRight";
				INFOPLIST_KEY_UISupportedInterfaceOrientations_iPhone = "UIInterfaceOrientationPortrait UIInterfaceOrientationLandscapeLeft UIInterfaceOrientationLandscapeRight";
				IPHONEOS_DEPLOYMENT_TARGET = 15.0;
				LD_RUNPATH_SEARCH_PATHS = (
					"$(inherited)",
					"@executable_path/Frameworks",
				);
				MARKETING_VERSION = 1.0;
				PRODUCT_BUNDLE_IDENTIFIER = com.oeoly.testTapOrder;
				PRODUCT_NAME = TapOrder;
				SDKROOT = iphoneos;
				SWIFT_EMIT_LOC_STRINGS = YES;
				SWIFT_VERSION = 5.0;
				TARGETED_DEVICE_FAMILY = "1,2";
				TVOS_DEPLOYMENT_TARGET = 14.0;
			};
			name = Debug;
		};
		F8FBF7FE27C3269300571A32 /* Release */ = {
			isa = XCBuildConfiguration;
			buildSettings = {
				ASSETCATALOG_COMPILER_APPICON_NAME = AppIcon;
				ASSETCATALOG_COMPILER_GLOBAL_ACCENT_COLOR_NAME = AccentColor;
				CODE_SIGN_STYLE = Automatic;
				CURRENT_PROJECT_VERSION = 1;
				DEVELOPMENT_TEAM = 4N44FM69KH;
				ENABLE_PREVIEWS = YES;
				GENERATE_INFOPLIST_FILE = YES;
				INFOPLIST_KEY_UIApplicationSceneManifest_Generation = YES;
				INFOPLIST_KEY_UIApplicationSupportsIndirectInputEvents = YES;
				INFOPLIST_KEY_UILaunchScreen_Generation = YES;
				INFOPLIST_KEY_UISupportedInterfaceOrientations_iPad = "UIInterfaceOrientationPortrait UIInterfaceOrientationPortraitUpsideDown UIInterfaceOrientationLandscapeLeft UIInterfaceOrientationLandscapeRight";
				INFOPLIST_KEY_UISupportedInterfaceOrientations_iPhone = "UIInterfaceOrientationPortrait UIInterfaceOrientationLandscapeLeft UIInterfaceOrientationLandscapeRight";
				IPHONEOS_DEPLOYMENT_TARGET = 15.0;
				LD_RUNPATH_SEARCH_PATHS = (
					"$(inherited)",
					"@executable_path/Frameworks",
				);
				MARKETING_VERSION = 1.0;
				PRODUCT_BUNDLE_IDENTIFIER = com.oeoly.testTapOrder;
				PRODUCT_NAME = TapOrder;
				SDKROOT = iphoneos;
				SWIFT_EMIT_LOC_STRINGS = YES;
				SWIFT_VERSION = 5.0;
				TARGETED_DEVICE_FAMILY = "1,2";
				TVOS_DEPLOYMENT_TARGET = 14.0;
				VALIDATE_PRODUCT = YES;
			};
			name = Release;
		};
		F8FBF80027C3269300571A32 /* Debug */ = {
			isa = XCBuildConfiguration;
			buildSettings = {
				ASSETCATALOG_COMPILER_APPICON_NAME = AppIcon;
				ASSETCATALOG_COMPILER_GLOBAL_ACCENT_COLOR_NAME = AccentColor;
				CODE_SIGN_ENTITLEMENTS = macOS/macOS.entitlements;
				CODE_SIGN_STYLE = Automatic;
				COMBINE_HIDPI_IMAGES = YES;
				CURRENT_PROJECT_VERSION = 1;
				DEVELOPMENT_TEAM = 4N44FM69KH;
				ENABLE_HARDENED_RUNTIME = YES;
				ENABLE_PREVIEWS = YES;
				GENERATE_INFOPLIST_FILE = YES;
				INFOPLIST_KEY_NSHumanReadableCopyright = "";
				LD_RUNPATH_SEARCH_PATHS = (
					"$(inherited)",
					"@executable_path/../Frameworks",
				);
				MACOSX_DEPLOYMENT_TARGET = 12.1;
				MARKETING_VERSION = 1.0;
				PRODUCT_BUNDLE_IDENTIFIER = com.oeoly.testTapOrder;
				PRODUCT_NAME = TapOrder;
				SDKROOT = macosx;
				SWIFT_EMIT_LOC_STRINGS = YES;
				SWIFT_VERSION = 5.0;
			};
			name = Debug;
		};
		F8FBF80127C3269300571A32 /* Release */ = {
			isa = XCBuildConfiguration;
			buildSettings = {
				ASSETCATALOG_COMPILER_APPICON_NAME = AppIcon;
				ASSETCATALOG_COMPILER_GLOBAL_ACCENT_COLOR_NAME = AccentColor;
				CODE_SIGN_ENTITLEMENTS = macOS/macOS.entitlements;
				CODE_SIGN_STYLE = Automatic;
				COMBINE_HIDPI_IMAGES = YES;
				CURRENT_PROJECT_VERSION = 1;
				DEVELOPMENT_TEAM = 4N44FM69KH;
				ENABLE_HARDENED_RUNTIME = YES;
				ENABLE_PREVIEWS = YES;
				GENERATE_INFOPLIST_FILE = YES;
				INFOPLIST_KEY_NSHumanReadableCopyright = "";
				LD_RUNPATH_SEARCH_PATHS = (
					"$(inherited)",
					"@executable_path/../Frameworks",
				);
				MACOSX_DEPLOYMENT_TARGET = 12.1;
				MARKETING_VERSION = 1.0;
				PRODUCT_BUNDLE_IDENTIFIER = com.oeoly.testTapOrder;
				PRODUCT_NAME = TapOrder;
				SDKROOT = macosx;
				SWIFT_EMIT_LOC_STRINGS = YES;
				SWIFT_VERSION = 5.0;
			};
			name = Release;
		};
/* End XCBuildConfiguration section */

/* Begin XCConfigurationList section */
		F8FBF7E227C3269100571A32 /* Build configuration list for PBXProject "TapOrder" */ = {
			isa = XCConfigurationList;
			buildConfigurations = (
				F8FBF7FA27C3269300571A32 /* Debug */,
				F8FBF7FB27C3269300571A32 /* Release */,
			);
			defaultConfigurationIsVisible = 0;
			defaultConfigurationName = Release;
		};
		F8FBF7FC27C3269300571A32 /* Build configuration list for PBXNativeTarget "TapOrder (iOS)" */ = {
			isa = XCConfigurationList;
			buildConfigurations = (
				F8FBF7FD27C3269300571A32 /* Debug */,
				F8FBF7FE27C3269300571A32 /* Release */,
			);
			defaultConfigurationIsVisible = 0;
			defaultConfigurationName = Release;
		};
		F8FBF7FF27C3269300571A32 /* Build configuration list for PBXNativeTarget "TapOrder (macOS)" */ = {
			isa = XCConfigurationList;
			buildConfigurations = (
				F8FBF80027C3269300571A32 /* Debug */,
				F8FBF80127C3269300571A32 /* Release */,
			);
			defaultConfigurationIsVisible = 0;
			defaultConfigurationName = Release;
		};
/* End XCConfigurationList section */

/* Begin XCRemoteSwiftPackageReference section */
		F8252A7A27C5223700D80724 /* XCRemoteSwiftPackageReference "firebase-ios-sdk" */ = {
			isa = XCRemoteSwiftPackageReference;
			repositoryURL = "https://github.com/firebase/firebase-ios-sdk";
			requirement = {
				kind = upToNextMajorVersion;
				minimumVersion = 8.0.0;
			};
		};
		F8252A7D27C8DDF800D80724 /* XCRemoteSwiftPackageReference "PopupView" */ = {
			isa = XCRemoteSwiftPackageReference;
			repositoryURL = "https://github.com/exyte/PopupView.git";
			requirement = {
				kind = upToNextMajorVersion;
				minimumVersion = 1.0.0;
			};
		};
		F8252A8027C8DE7900D80724 /* XCRemoteSwiftPackageReference "Kingfisher" */ = {
			isa = XCRemoteSwiftPackageReference;
			repositoryURL = "https://github.com/onevcat/Kingfisher.git";
			requirement = {
				kind = upToNextMajorVersion;
				minimumVersion = 7.0.0;
			};
		};
/* End XCRemoteSwiftPackageReference section */

/* Begin XCSwiftPackageProductDependency section */
		F8252A7B27C5223700D80724 /* FirebaseAnalytics */ = {
			isa = XCSwiftPackageProductDependency;
			package = F8252A7A27C5223700D80724 /* XCRemoteSwiftPackageReference "firebase-ios-sdk" */;
			productName = FirebaseAnalytics;
		};
		F8252A7E27C8DDF900D80724 /* PopupView */ = {
			isa = XCSwiftPackageProductDependency;
			package = F8252A7D27C8DDF800D80724 /* XCRemoteSwiftPackageReference "PopupView" */;
			productName = PopupView;
		};
		F8252A8127C8DE7900D80724 /* Kingfisher */ = {
			isa = XCSwiftPackageProductDependency;
			package = F8252A8027C8DE7900D80724 /* XCRemoteSwiftPackageReference "Kingfisher" */;
			productName = Kingfisher;
		};
/* End XCSwiftPackageProductDependency section */
	};
	rootObject = F8FBF7DF27C3269100571A32 /* Project object */;
}
