// !$*UTF8*$!
{
	archiveVersion = 1;
	classes = {
	};
	objectVersion = 55;
	objects = {

/* Begin PBXBuildFile section */
		8F89224527E21E5400526662 /* SignInWithApple.swift in Sources */ = {isa = PBXBuildFile; fileRef = 8F89224427E21E5400526662 /* SignInWithApple.swift */; };
		8F89224827E21E8000526662 /* KeyChainUtil.swift in Sources */ = {isa = PBXBuildFile; fileRef = 8F89224727E21E8000526662 /* KeyChainUtil.swift */; };
		8F89224927E21E8000526662 /* KeyChainUtil.swift in Sources */ = {isa = PBXBuildFile; fileRef = 8F89224727E21E8000526662 /* KeyChainUtil.swift */; };
		8F89224B27E2211B00526662 /* AppInfo.swift in Sources */ = {isa = PBXBuildFile; fileRef = 8F89224A27E2211B00526662 /* AppInfo.swift */; };
		8F89224C27E2211B00526662 /* AppInfo.swift in Sources */ = {isa = PBXBuildFile; fileRef = 8F89224A27E2211B00526662 /* AppInfo.swift */; };
		8F89224D27E2211B00526662 /* AppInfo.swift in Sources */ = {isa = PBXBuildFile; fileRef = 8F89224A27E2211B00526662 /* AppInfo.swift */; };
		8F89224E27E2246500526662 /* KeyChainUtil.swift in Sources */ = {isa = PBXBuildFile; fileRef = 8F89224727E21E8000526662 /* KeyChainUtil.swift */; };
		8F89225027E24DC400526662 /* ContentViewModel.swift in Sources */ = {isa = PBXBuildFile; fileRef = 8F89224F27E24DC400526662 /* ContentViewModel.swift */; };
		8F89225127E24DC400526662 /* ContentViewModel.swift in Sources */ = {isa = PBXBuildFile; fileRef = 8F89224F27E24DC400526662 /* ContentViewModel.swift */; };
		8F89225227E24DC400526662 /* ContentViewModel.swift in Sources */ = {isa = PBXBuildFile; fileRef = 8F89224F27E24DC400526662 /* ContentViewModel.swift */; };
		8F89225427E2510A00526662 /* LoginViewModel.swift in Sources */ = {isa = PBXBuildFile; fileRef = F81D5FAA27D2F50D009BE108 /* LoginViewModel.swift */; };
		8F89225527E2510A00526662 /* LoginViewModel.swift in Sources */ = {isa = PBXBuildFile; fileRef = F81D5FAA27D2F50D009BE108 /* LoginViewModel.swift */; };
		8F89225627E2511400526662 /* SignInWithApple.swift in Sources */ = {isa = PBXBuildFile; fileRef = 8F89224427E21E5400526662 /* SignInWithApple.swift */; };
		8F89225727E2511500526662 /* SignInWithApple.swift in Sources */ = {isa = PBXBuildFile; fileRef = 8F89224427E21E5400526662 /* SignInWithApple.swift */; };
		DC0451742800616C00EFB2B2 /* AppDelegate.swift in Sources */ = {isa = PBXBuildFile; fileRef = DC0451732800616C00EFB2B2 /* AppDelegate.swift */; };
		DC16EE9628016B7A00853115 /* Stripe in Frameworks */ = {isa = PBXBuildFile; productRef = DC16EE9528016B7A00853115 /* Stripe */; };
		DC183B1328006E0F000051FB /* PopupView in Frameworks */ = {isa = PBXBuildFile; productRef = DC183B1228006E0F000051FB /* PopupView */; };
		DC183B1528006E0F000051FB /* Kingfisher in Frameworks */ = {isa = PBXBuildFile; productRef = DC183B1428006E0F000051FB /* Kingfisher */; };
		DC183B1728006E0F000051FB /* FlagKit in Frameworks */ = {isa = PBXBuildFile; productRef = DC183B1628006E0F000051FB /* FlagKit */; };
		DC183B1928006E0F000051FB /* KeychainAccess in Frameworks */ = {isa = PBXBuildFile; productRef = DC183B1828006E0F000051FB /* KeychainAccess */; };
		DC183B1B28006E0F000051FB /* LetterAvatarKit in Frameworks */ = {isa = PBXBuildFile; productRef = DC183B1A28006E0F000051FB /* LetterAvatarKit */; };
		DC183B1D28006E0F000051FB /* Stripe in Frameworks */ = {isa = PBXBuildFile; productRef = DC183B1C28006E0F000051FB /* Stripe */; };
		DC183B1F28006E20000051FB /* Kingfisher in Frameworks */ = {isa = PBXBuildFile; productRef = DC183B1E28006E20000051FB /* Kingfisher */; };
		DC183B2128006E30000051FB /* PopupView in Frameworks */ = {isa = PBXBuildFile; productRef = DC183B2028006E30000051FB /* PopupView */; };
		DC183B2328006E40000051FB /* KeychainAccess in Frameworks */ = {isa = PBXBuildFile; productRef = DC183B2228006E40000051FB /* KeychainAccess */; };
		DC183B2528006E40000051FB /* LetterAvatarKit in Frameworks */ = {isa = PBXBuildFile; productRef = DC183B2428006E40000051FB /* LetterAvatarKit */; };
		DC45D71A27E782910011F2C3 /* LoremSwiftum.swift in Sources */ = {isa = PBXBuildFile; fileRef = DC45D71927E782910011F2C3 /* LoremSwiftum.swift */; };
		DC45D71B27E782910011F2C3 /* LoremSwiftum.swift in Sources */ = {isa = PBXBuildFile; fileRef = DC45D71927E782910011F2C3 /* LoremSwiftum.swift */; };
		DC45D72327EA325F0011F2C3 /* policy.html in Resources */ = {isa = PBXBuildFile; fileRef = DC45D72227EA325F0011F2C3 /* policy.html */; };
		DC45D72427EA325F0011F2C3 /* policy.html in Resources */ = {isa = PBXBuildFile; fileRef = DC45D72227EA325F0011F2C3 /* policy.html */; };
		DC931B8C27E3672900B4169C /* UIColor+TapOrder.swift in Sources */ = {isa = PBXBuildFile; fileRef = DC931B8B27E3672900B4169C /* UIColor+TapOrder.swift */; };
		DC931B8D27E3672900B4169C /* UIColor+TapOrder.swift in Sources */ = {isa = PBXBuildFile; fileRef = DC931B8B27E3672900B4169C /* UIColor+TapOrder.swift */; };
		DC931B8F27E3675300B4169C /* Color+TapOrder.swift in Sources */ = {isa = PBXBuildFile; fileRef = DC931B8E27E3675300B4169C /* Color+TapOrder.swift */; };
		DC931B9027E3675300B4169C /* Color+TapOrder.swift in Sources */ = {isa = PBXBuildFile; fileRef = DC931B8E27E3675300B4169C /* Color+TapOrder.swift */; };
		DC931B9127E3675300B4169C /* Color+TapOrder.swift in Sources */ = {isa = PBXBuildFile; fileRef = DC931B8E27E3675300B4169C /* Color+TapOrder.swift */; };
		DC931B9327E36A9400B4169C /* View+TapOrder.swift in Sources */ = {isa = PBXBuildFile; fileRef = DC931B9227E36A9400B4169C /* View+TapOrder.swift */; };
		DC931B9427E36A9400B4169C /* View+TapOrder.swift in Sources */ = {isa = PBXBuildFile; fileRef = DC931B9227E36A9400B4169C /* View+TapOrder.swift */; };
		DC931B9527E36A9400B4169C /* View+TapOrder.swift in Sources */ = {isa = PBXBuildFile; fileRef = DC931B9227E36A9400B4169C /* View+TapOrder.swift */; };
		DC931B9727E36ABE00B4169C /* String+TapOrder.swift in Sources */ = {isa = PBXBuildFile; fileRef = DC931B9627E36ABE00B4169C /* String+TapOrder.swift */; };
		DC931B9827E36ABE00B4169C /* String+TapOrder.swift in Sources */ = {isa = PBXBuildFile; fileRef = DC931B9627E36ABE00B4169C /* String+TapOrder.swift */; };
		DC931B9927E36ABE00B4169C /* String+TapOrder.swift in Sources */ = {isa = PBXBuildFile; fileRef = DC931B9627E36ABE00B4169C /* String+TapOrder.swift */; };
		DC931B9B27E36AE900B4169C /* UITabBarController+TapOrder.swift in Sources */ = {isa = PBXBuildFile; fileRef = DC931B9A27E36AE900B4169C /* UITabBarController+TapOrder.swift */; };
		DC931B9C27E36AE900B4169C /* UITabBarController+TapOrder.swift in Sources */ = {isa = PBXBuildFile; fileRef = DC931B9A27E36AE900B4169C /* UITabBarController+TapOrder.swift */; };
		DC931B9E27E36B5F00B4169C /* Number+TapOrder.swift in Sources */ = {isa = PBXBuildFile; fileRef = DC931B9D27E36B5F00B4169C /* Number+TapOrder.swift */; };
		DC931B9F27E36B5F00B4169C /* Number+TapOrder.swift in Sources */ = {isa = PBXBuildFile; fileRef = DC931B9D27E36B5F00B4169C /* Number+TapOrder.swift */; };
		DC931BA027E36B5F00B4169C /* Number+TapOrder.swift in Sources */ = {isa = PBXBuildFile; fileRef = DC931B9D27E36B5F00B4169C /* Number+TapOrder.swift */; };
		DC931BAA27E39BA100B4169C /* Bundle+TapOrder.swift in Sources */ = {isa = PBXBuildFile; fileRef = DC931BA927E39BA100B4169C /* Bundle+TapOrder.swift */; };
		DC931BAB27E39BA100B4169C /* Bundle+TapOrder.swift in Sources */ = {isa = PBXBuildFile; fileRef = DC931BA927E39BA100B4169C /* Bundle+TapOrder.swift */; };
		DC931BAC27E39BA100B4169C /* Bundle+TapOrder.swift in Sources */ = {isa = PBXBuildFile; fileRef = DC931BA927E39BA100B4169C /* Bundle+TapOrder.swift */; };
		DC931BAD27E39BFF00B4169C /* RefreshableScrollView.swift in Sources */ = {isa = PBXBuildFile; fileRef = F89B4C7D27DA292F0006ED44 /* RefreshableScrollView.swift */; };
		DC931BAF27E39CA200B4169C /* ToastView.swift in Sources */ = {isa = PBXBuildFile; fileRef = F8252A8327C8E72200D80724 /* ToastView.swift */; };
		DC931BB027E39CB700B4169C /* LoginView.swift in Sources */ = {isa = PBXBuildFile; fileRef = F8FBF81727C47F2D00571A32 /* LoginView.swift */; };
		DC931BB127E39CC000B4169C /* LoadingView.swift in Sources */ = {isa = PBXBuildFile; fileRef = F8C9EA5827C9F7AB00B9949F /* LoadingView.swift */; };
		DC931BB227E39CD200B4169C /* RefreshableScrollView.swift in Sources */ = {isa = PBXBuildFile; fileRef = F89B4C7D27DA292F0006ED44 /* RefreshableScrollView.swift */; };
		DC931BB327E39CDB00B4169C /* LanguageButtonView.swift in Sources */ = {isa = PBXBuildFile; fileRef = F8B7089827D09BE20017AF53 /* LanguageButtonView.swift */; };
		DC931BB427E3B15E00B4169C /* ContentView.swift in Sources */ = {isa = PBXBuildFile; fileRef = F8FBF7E527C3269200571A32 /* ContentView.swift */; };
		F81D5FA127D25C52009BE108 /* Localizable.strings in Resources */ = {isa = PBXBuildFile; fileRef = F81D5FA427D25C52009BE108 /* Localizable.strings */; };
		F81D5FA227D25C52009BE108 /* Localizable.strings in Resources */ = {isa = PBXBuildFile; fileRef = F81D5FA427D25C52009BE108 /* Localizable.strings */; };
		F81D5FAB27D2F50D009BE108 /* LoginViewModel.swift in Sources */ = {isa = PBXBuildFile; fileRef = F81D5FAA27D2F50D009BE108 /* LoginViewModel.swift */; };
		F81D5FB127D76039009BE108 /* NewFoodsResponse.swift in Sources */ = {isa = PBXBuildFile; fileRef = F81D5FB027D76039009BE108 /* NewFoodsResponse.swift */; };
		F81D5FB227D76039009BE108 /* NewFoodsResponse.swift in Sources */ = {isa = PBXBuildFile; fileRef = F81D5FB027D76039009BE108 /* NewFoodsResponse.swift */; };
		F81D5FB427D764CC009BE108 /* FoodViewModel.swift in Sources */ = {isa = PBXBuildFile; fileRef = F81D5FB327D764CC009BE108 /* FoodViewModel.swift */; };
		F81D5FB527D764CC009BE108 /* FoodViewModel.swift in Sources */ = {isa = PBXBuildFile; fileRef = F81D5FB327D764CC009BE108 /* FoodViewModel.swift */; };
		F81F14E527C75FE00069FFA8 /* CartViewModel.swift in Sources */ = {isa = PBXBuildFile; fileRef = F81F14E427C75FE00069FFA8 /* CartViewModel.swift */; };
		F81F14E727C87C540069FFA8 /* CartResponse.swift in Sources */ = {isa = PBXBuildFile; fileRef = F81F14E627C87C540069FFA8 /* CartResponse.swift */; };
		F81F14E927C8BBAA0069FFA8 /* UserViewModel.swift in Sources */ = {isa = PBXBuildFile; fileRef = F81F14E827C8BBAA0069FFA8 /* UserViewModel.swift */; };
		F8252A7827C5202B00D80724 /* GoogleService-Info.plist in Resources */ = {isa = PBXBuildFile; fileRef = F8252A7727C5202B00D80724 /* GoogleService-Info.plist */; };
		F8252A7927C5202B00D80724 /* GoogleService-Info.plist in Resources */ = {isa = PBXBuildFile; fileRef = F8252A7727C5202B00D80724 /* GoogleService-Info.plist */; };
		F8252A8427C8E72200D80724 /* ToastView.swift in Sources */ = {isa = PBXBuildFile; fileRef = F8252A8327C8E72200D80724 /* ToastView.swift */; };
		F8252A8527C8E72200D80724 /* ToastView.swift in Sources */ = {isa = PBXBuildFile; fileRef = F8252A8327C8E72200D80724 /* ToastView.swift */; };
		F8639CB027C615BB00CDE134 /* FoodsResponse.swift in Sources */ = {isa = PBXBuildFile; fileRef = F8639CAF27C615BB00CDE134 /* FoodsResponse.swift */; };
		F8639CB227C618EC00CDE134 /* APIService.swift in Sources */ = {isa = PBXBuildFile; fileRef = F8639CB127C618EC00CDE134 /* APIService.swift */; };
		F8639CB427C6198400CDE134 /* MenuListViewModel.swift in Sources */ = {isa = PBXBuildFile; fileRef = F8639CB327C6198400CDE134 /* MenuListViewModel.swift */; };
		F87541BB27DEFD1200480D10 /* ClipModel.swift in Sources */ = {isa = PBXBuildFile; fileRef = F87541BA27DEFD1200480D10 /* ClipModel.swift */; };
		F87541BC27DEFD1200480D10 /* ClipModel.swift in Sources */ = {isa = PBXBuildFile; fileRef = F87541BA27DEFD1200480D10 /* ClipModel.swift */; };
		F89B4C7E27DA292F0006ED44 /* RefreshableScrollView.swift in Sources */ = {isa = PBXBuildFile; fileRef = F89B4C7D27DA292F0006ED44 /* RefreshableScrollView.swift */; };
		F89B4C8127DB76580006ED44 /* OrderViewModel.swift in Sources */ = {isa = PBXBuildFile; fileRef = F89B4C8027DB76580006ED44 /* OrderViewModel.swift */; };
		F89B4C8227DB76580006ED44 /* OrderViewModel.swift in Sources */ = {isa = PBXBuildFile; fileRef = F89B4C8027DB76580006ED44 /* OrderViewModel.swift */; };
		F8A57CD427C6091900138905 /* API.swift in Sources */ = {isa = PBXBuildFile; fileRef = F8A57CD327C6091900138905 /* API.swift */; };
		F8A57CD627C6098000138905 /* APISession.swift in Sources */ = {isa = PBXBuildFile; fileRef = F8A57CD527C6098000138905 /* APISession.swift */; };
		F8A57CD827C611BB00138905 /* APIRequest.swift in Sources */ = {isa = PBXBuildFile; fileRef = F8A57CD727C611BB00138905 /* APIRequest.swift */; };
		F8A6D5E727CA1B8900BA45FA /* CartViewModel.swift in Sources */ = {isa = PBXBuildFile; fileRef = F81F14E427C75FE00069FFA8 /* CartViewModel.swift */; };
		F8A6D5EB27CA1C7200BA45FA /* Assets.xcassets in Resources */ = {isa = PBXBuildFile; fileRef = F8FBF7E627C3269300571A32 /* Assets.xcassets */; };
		F8B7089927D09BE20017AF53 /* LanguageButtonView.swift in Sources */ = {isa = PBXBuildFile; fileRef = F8B7089827D09BE20017AF53 /* LanguageButtonView.swift */; };
		F8B7089A27D09BE20017AF53 /* LanguageButtonView.swift in Sources */ = {isa = PBXBuildFile; fileRef = F8B7089827D09BE20017AF53 /* LanguageButtonView.swift */; };
		F8B7089D27D11AD00017AF53 /* LanguageListView.swift in Sources */ = {isa = PBXBuildFile; fileRef = F8B7089C27D11AD00017AF53 /* LanguageListView.swift */; };
		F8B7089E27D11AD00017AF53 /* LanguageListView.swift in Sources */ = {isa = PBXBuildFile; fileRef = F8B7089C27D11AD00017AF53 /* LanguageListView.swift */; };
		F8B7089F27D11AD00017AF53 /* LanguageListView.swift in Sources */ = {isa = PBXBuildFile; fileRef = F8B7089C27D11AD00017AF53 /* LanguageListView.swift */; };
		F8B708A127D11B6B0017AF53 /* LanguageCell.swift in Sources */ = {isa = PBXBuildFile; fileRef = F8B708A027D11B6B0017AF53 /* LanguageCell.swift */; };
		F8B708A227D11B6B0017AF53 /* LanguageCell.swift in Sources */ = {isa = PBXBuildFile; fileRef = F8B708A027D11B6B0017AF53 /* LanguageCell.swift */; };
		F8B708A327D11B6B0017AF53 /* LanguageCell.swift in Sources */ = {isa = PBXBuildFile; fileRef = F8B708A027D11B6B0017AF53 /* LanguageCell.swift */; };
		F8BFABDD27CBCEF600C69D32 /* WebSocketStream.swift in Sources */ = {isa = PBXBuildFile; fileRef = F8BFABDC27CBCEF600C69D32 /* WebSocketStream.swift */; };
		F8BFABDE27CBCEF600C69D32 /* WebSocketStream.swift in Sources */ = {isa = PBXBuildFile; fileRef = F8BFABDC27CBCEF600C69D32 /* WebSocketStream.swift */; };
		F8C9EA5927C9F7AB00B9949F /* LoadingView.swift in Sources */ = {isa = PBXBuildFile; fileRef = F8C9EA5827C9F7AB00B9949F /* LoadingView.swift */; };
		F8C9EA5A27C9F7AB00B9949F /* LoadingView.swift in Sources */ = {isa = PBXBuildFile; fileRef = F8C9EA5827C9F7AB00B9949F /* LoadingView.swift */; };
		F8C9EA6227CA1AB100B9949F /* TapOrderClipApp.swift in Sources */ = {isa = PBXBuildFile; fileRef = F8C9EA6127CA1AB100B9949F /* TapOrderClipApp.swift */; };
		F8C9EA6627CA1AB200B9949F /* Assets.xcassets in Resources */ = {isa = PBXBuildFile; fileRef = F8C9EA6527CA1AB200B9949F /* Assets.xcassets */; };
		F8C9EA6927CA1AB200B9949F /* Preview Assets.xcassets in Resources */ = {isa = PBXBuildFile; fileRef = F8C9EA6827CA1AB200B9949F /* Preview Assets.xcassets */; };
		F8C9EA7527CA1B2300B9949F /* MainView.swift in Sources */ = {isa = PBXBuildFile; fileRef = F8FBF81427C472E500571A32 /* MainView.swift */; };
		F8C9EA7827CA1B3C00B9949F /* OrderListView.swift in Sources */ = {isa = PBXBuildFile; fileRef = F8FBF81D27C4A06C00571A32 /* OrderListView.swift */; };
		F8C9EA7A27CA1B3C00B9949F /* OrderListCell.swift in Sources */ = {isa = PBXBuildFile; fileRef = F8FBF82327C4AFD600571A32 /* OrderListCell.swift */; };
		F8C9EA7B27CA1B3C00B9949F /* MenuListView.swift in Sources */ = {isa = PBXBuildFile; fileRef = F8FBF80B27C363F700571A32 /* MenuListView.swift */; };
		F8C9EA7C27CA1B3C00B9949F /* CartView.swift in Sources */ = {isa = PBXBuildFile; fileRef = F8FBF81A27C4A05900571A32 /* CartView.swift */; };
		F8C9EA7D27CA1B3C00B9949F /* CartCell.swift in Sources */ = {isa = PBXBuildFile; fileRef = F8FBF82027C4AFCB00571A32 /* CartCell.swift */; };
		F8C9EA7E27CA1B3C00B9949F /* MenuCategoryCell.swift in Sources */ = {isa = PBXBuildFile; fileRef = F8FBF80E27C36FF300571A32 /* MenuCategoryCell.swift */; };
		F8C9EA7F27CA1B3C00B9949F /* MenuListCell.swift in Sources */ = {isa = PBXBuildFile; fileRef = F8FBF81127C3769E00571A32 /* MenuListCell.swift */; };
		F8C9EA8027CA1B4500B9949F /* APISession.swift in Sources */ = {isa = PBXBuildFile; fileRef = F8A57CD527C6098000138905 /* APISession.swift */; };
		F8C9EA8127CA1B4500B9949F /* UserViewModel.swift in Sources */ = {isa = PBXBuildFile; fileRef = F81F14E827C8BBAA0069FFA8 /* UserViewModel.swift */; };
		F8C9EA8227CA1B4500B9949F /* APIRequest.swift in Sources */ = {isa = PBXBuildFile; fileRef = F8A57CD727C611BB00138905 /* APIRequest.swift */; };
		F8C9EA8327CA1B4500B9949F /* API.swift in Sources */ = {isa = PBXBuildFile; fileRef = F8A57CD327C6091900138905 /* API.swift */; };
		F8C9EA8427CA1B4500B9949F /* MenuListViewModel.swift in Sources */ = {isa = PBXBuildFile; fileRef = F8639CB327C6198400CDE134 /* MenuListViewModel.swift */; };
		F8C9EA8627CA1B4500B9949F /* FoodsResponse.swift in Sources */ = {isa = PBXBuildFile; fileRef = F8639CAF27C615BB00CDE134 /* FoodsResponse.swift */; };
		F8C9EA8727CA1B4500B9949F /* APIService.swift in Sources */ = {isa = PBXBuildFile; fileRef = F8639CB127C618EC00CDE134 /* APIService.swift */; };
		F8C9EA8827CA1B4500B9949F /* CartResponse.swift in Sources */ = {isa = PBXBuildFile; fileRef = F81F14E627C87C540069FFA8 /* CartResponse.swift */; };
		F8ED546B27DF351A00E71459 /* NWConnection+Extension.swift in Sources */ = {isa = PBXBuildFile; fileRef = F8ED546527DF351A00E71459 /* NWConnection+Extension.swift */; };
		F8ED546C27DF351A00E71459 /* NWConnection+Extension.swift in Sources */ = {isa = PBXBuildFile; fileRef = F8ED546527DF351A00E71459 /* NWConnection+Extension.swift */; };
		F8ED546D27DF351A00E71459 /* WebSocketConnection.swift in Sources */ = {isa = PBXBuildFile; fileRef = F8ED546727DF351A00E71459 /* WebSocketConnection.swift */; };
		F8ED546E27DF351A00E71459 /* WebSocketConnection.swift in Sources */ = {isa = PBXBuildFile; fileRef = F8ED546727DF351A00E71459 /* WebSocketConnection.swift */; };
		F8ED546F27DF351A00E71459 /* NWWebSocket.swift in Sources */ = {isa = PBXBuildFile; fileRef = F8ED546A27DF351A00E71459 /* NWWebSocket.swift */; };
		F8ED547027DF351A00E71459 /* NWWebSocket.swift in Sources */ = {isa = PBXBuildFile; fileRef = F8ED546A27DF351A00E71459 /* NWWebSocket.swift */; };
		F8FBF7F427C3269300571A32 /* TapOrderApp.swift in Sources */ = {isa = PBXBuildFile; fileRef = F8FBF7E427C3269200571A32 /* TapOrderApp.swift */; };
		F8FBF7F527C3269300571A32 /* TapOrderApp.swift in Sources */ = {isa = PBXBuildFile; fileRef = F8FBF7E427C3269200571A32 /* TapOrderApp.swift */; };
		F8FBF7F627C3269300571A32 /* ContentView.swift in Sources */ = {isa = PBXBuildFile; fileRef = F8FBF7E527C3269200571A32 /* ContentView.swift */; };
		F8FBF7F727C3269300571A32 /* ContentView.swift in Sources */ = {isa = PBXBuildFile; fileRef = F8FBF7E527C3269200571A32 /* ContentView.swift */; };
		F8FBF7F827C3269300571A32 /* Assets.xcassets in Resources */ = {isa = PBXBuildFile; fileRef = F8FBF7E627C3269300571A32 /* Assets.xcassets */; };
		F8FBF7F927C3269300571A32 /* Assets.xcassets in Resources */ = {isa = PBXBuildFile; fileRef = F8FBF7E627C3269300571A32 /* Assets.xcassets */; };
		F8FBF80C27C363F700571A32 /* MenuListView.swift in Sources */ = {isa = PBXBuildFile; fileRef = F8FBF80B27C363F700571A32 /* MenuListView.swift */; };
		F8FBF80D27C363F700571A32 /* MenuListView.swift in Sources */ = {isa = PBXBuildFile; fileRef = F8FBF80B27C363F700571A32 /* MenuListView.swift */; };
		F8FBF80F27C36FF300571A32 /* MenuCategoryCell.swift in Sources */ = {isa = PBXBuildFile; fileRef = F8FBF80E27C36FF300571A32 /* MenuCategoryCell.swift */; };
		F8FBF81027C36FF300571A32 /* MenuCategoryCell.swift in Sources */ = {isa = PBXBuildFile; fileRef = F8FBF80E27C36FF300571A32 /* MenuCategoryCell.swift */; };
		F8FBF81227C3769E00571A32 /* MenuListCell.swift in Sources */ = {isa = PBXBuildFile; fileRef = F8FBF81127C3769E00571A32 /* MenuListCell.swift */; };
		F8FBF81327C3769E00571A32 /* MenuListCell.swift in Sources */ = {isa = PBXBuildFile; fileRef = F8FBF81127C3769E00571A32 /* MenuListCell.swift */; };
		F8FBF81527C472E500571A32 /* MainView.swift in Sources */ = {isa = PBXBuildFile; fileRef = F8FBF81427C472E500571A32 /* MainView.swift */; };
		F8FBF81627C472E500571A32 /* MainView.swift in Sources */ = {isa = PBXBuildFile; fileRef = F8FBF81427C472E500571A32 /* MainView.swift */; };
		F8FBF81827C47F2D00571A32 /* LoginView.swift in Sources */ = {isa = PBXBuildFile; fileRef = F8FBF81727C47F2D00571A32 /* LoginView.swift */; };
		F8FBF81927C47F2D00571A32 /* LoginView.swift in Sources */ = {isa = PBXBuildFile; fileRef = F8FBF81727C47F2D00571A32 /* LoginView.swift */; };
		F8FBF81B27C4A05900571A32 /* CartView.swift in Sources */ = {isa = PBXBuildFile; fileRef = F8FBF81A27C4A05900571A32 /* CartView.swift */; };
		F8FBF81C27C4A05900571A32 /* CartView.swift in Sources */ = {isa = PBXBuildFile; fileRef = F8FBF81A27C4A05900571A32 /* CartView.swift */; };
		F8FBF81E27C4A06C00571A32 /* OrderListView.swift in Sources */ = {isa = PBXBuildFile; fileRef = F8FBF81D27C4A06C00571A32 /* OrderListView.swift */; };
		F8FBF81F27C4A06C00571A32 /* OrderListView.swift in Sources */ = {isa = PBXBuildFile; fileRef = F8FBF81D27C4A06C00571A32 /* OrderListView.swift */; };
		F8FBF82127C4AFCB00571A32 /* CartCell.swift in Sources */ = {isa = PBXBuildFile; fileRef = F8FBF82027C4AFCB00571A32 /* CartCell.swift */; };
		F8FBF82227C4AFCB00571A32 /* CartCell.swift in Sources */ = {isa = PBXBuildFile; fileRef = F8FBF82027C4AFCB00571A32 /* CartCell.swift */; };
		F8FBF82427C4AFD600571A32 /* OrderListCell.swift in Sources */ = {isa = PBXBuildFile; fileRef = F8FBF82327C4AFD600571A32 /* OrderListCell.swift */; };
		F8FBF82527C4AFD600571A32 /* OrderListCell.swift in Sources */ = {isa = PBXBuildFile; fileRef = F8FBF82327C4AFD600571A32 /* OrderListCell.swift */; };
/* End PBXBuildFile section */

/* Begin PBXCopyFilesBuildPhase section */
		F8C9EA7227CA1AB200B9949F /* Embed App Clips */ = {
			isa = PBXCopyFilesBuildPhase;
			buildActionMask = 2147483647;
			dstPath = "$(CONTENTS_FOLDER_PATH)/AppClips";
			dstSubfolderSpec = 16;
			files = (
			);
			name = "Embed App Clips";
			runOnlyForDeploymentPostprocessing = 0;
		};
/* End PBXCopyFilesBuildPhase section */

/* Begin PBXFileReference section */
		8F89224427E21E5400526662 /* SignInWithApple.swift */ = {isa = PBXFileReference; lastKnownFileType = sourcecode.swift; path = SignInWithApple.swift; sourceTree = "<group>"; };
		8F89224727E21E8000526662 /* KeyChainUtil.swift */ = {isa = PBXFileReference; lastKnownFileType = sourcecode.swift; path = KeyChainUtil.swift; sourceTree = "<group>"; };
		8F89224A27E2211B00526662 /* AppInfo.swift */ = {isa = PBXFileReference; lastKnownFileType = sourcecode.swift; path = AppInfo.swift; sourceTree = "<group>"; };
		8F89224F27E24DC400526662 /* ContentViewModel.swift */ = {isa = PBXFileReference; lastKnownFileType = sourcecode.swift; path = ContentViewModel.swift; sourceTree = "<group>"; };
		DC0451732800616C00EFB2B2 /* AppDelegate.swift */ = {isa = PBXFileReference; lastKnownFileType = sourcecode.swift; path = AppDelegate.swift; sourceTree = "<group>"; };
		DC045175280063D400EFB2B2 /* Info.plist */ = {isa = PBXFileReference; lastKnownFileType = text.plist; path = Info.plist; sourceTree = "<group>"; };
		DC45D71927E782910011F2C3 /* LoremSwiftum.swift */ = {isa = PBXFileReference; fileEncoding = 4; lastKnownFileType = sourcecode.swift; path = LoremSwiftum.swift; sourceTree = "<group>"; };
		DC45D72227EA325F0011F2C3 /* policy.html */ = {isa = PBXFileReference; fileEncoding = 4; lastKnownFileType = text.html; path = policy.html; sourceTree = "<group>"; };
		DC931B8B27E3672900B4169C /* UIColor+TapOrder.swift */ = {isa = PBXFileReference; lastKnownFileType = sourcecode.swift; path = "UIColor+TapOrder.swift"; sourceTree = "<group>"; };
		DC931B8E27E3675300B4169C /* Color+TapOrder.swift */ = {isa = PBXFileReference; lastKnownFileType = sourcecode.swift; path = "Color+TapOrder.swift"; sourceTree = "<group>"; };
		DC931B9227E36A9400B4169C /* View+TapOrder.swift */ = {isa = PBXFileReference; lastKnownFileType = sourcecode.swift; path = "View+TapOrder.swift"; sourceTree = "<group>"; };
		DC931B9627E36ABE00B4169C /* String+TapOrder.swift */ = {isa = PBXFileReference; lastKnownFileType = sourcecode.swift; path = "String+TapOrder.swift"; sourceTree = "<group>"; };
		DC931B9A27E36AE900B4169C /* UITabBarController+TapOrder.swift */ = {isa = PBXFileReference; lastKnownFileType = sourcecode.swift; path = "UITabBarController+TapOrder.swift"; sourceTree = "<group>"; };
		DC931B9D27E36B5F00B4169C /* Number+TapOrder.swift */ = {isa = PBXFileReference; lastKnownFileType = sourcecode.swift; path = "Number+TapOrder.swift"; sourceTree = "<group>"; };
		DC931BA227E3998F00B4169C /* TapOrderPlayground.playground */ = {isa = PBXFileReference; lastKnownFileType = file.playground; path = TapOrderPlayground.playground; sourceTree = "<group>"; xcLanguageSpecificationIdentifier = xcode.lang.swift; };
		DC931BA927E39BA100B4169C /* Bundle+TapOrder.swift */ = {isa = PBXFileReference; lastKnownFileType = sourcecode.swift; path = "Bundle+TapOrder.swift"; sourceTree = "<group>"; };
		DC931BB627E4EEF600B4169C /* zh-Hant */ = {isa = PBXFileReference; lastKnownFileType = text.plist.strings; name = "zh-Hant"; path = "zh-Hant.lproj/Localizable.strings"; sourceTree = "<group>"; };
		F81D5FA327D25C52009BE108 /* en */ = {isa = PBXFileReference; lastKnownFileType = text.plist.strings; name = en; path = en.lproj/Localizable.strings; sourceTree = "<group>"; };
		F81D5FA527D25C70009BE108 /* ja */ = {isa = PBXFileReference; lastKnownFileType = text.plist.strings; name = ja; path = ja.lproj/Localizable.strings; sourceTree = "<group>"; };
		F81D5FA627D2F30A009BE108 /* TapOrder.entitlements */ = {isa = PBXFileReference; lastKnownFileType = text.plist.entitlements; path = TapOrder.entitlements; sourceTree = "<group>"; };
		F81D5FAA27D2F50D009BE108 /* LoginViewModel.swift */ = {isa = PBXFileReference; lastKnownFileType = sourcecode.swift; path = LoginViewModel.swift; sourceTree = "<group>"; };
		F81D5FB027D76039009BE108 /* NewFoodsResponse.swift */ = {isa = PBXFileReference; lastKnownFileType = sourcecode.swift; path = NewFoodsResponse.swift; sourceTree = "<group>"; };
		F81D5FB327D764CC009BE108 /* FoodViewModel.swift */ = {isa = PBXFileReference; lastKnownFileType = sourcecode.swift; path = FoodViewModel.swift; sourceTree = "<group>"; };
		F81F14E427C75FE00069FFA8 /* CartViewModel.swift */ = {isa = PBXFileReference; lastKnownFileType = sourcecode.swift; path = CartViewModel.swift; sourceTree = "<group>"; };
		F81F14E627C87C540069FFA8 /* CartResponse.swift */ = {isa = PBXFileReference; lastKnownFileType = sourcecode.swift; path = CartResponse.swift; sourceTree = "<group>"; };
		F81F14E827C8BBAA0069FFA8 /* UserViewModel.swift */ = {isa = PBXFileReference; lastKnownFileType = sourcecode.swift; path = UserViewModel.swift; sourceTree = "<group>"; };
		F8252A7727C5202B00D80724 /* GoogleService-Info.plist */ = {isa = PBXFileReference; lastKnownFileType = text.plist; path = "GoogleService-Info.plist"; sourceTree = SOURCE_ROOT; };
		F8252A8327C8E72200D80724 /* ToastView.swift */ = {isa = PBXFileReference; lastKnownFileType = sourcecode.swift; path = ToastView.swift; sourceTree = "<group>"; };
		F8639CAF27C615BB00CDE134 /* FoodsResponse.swift */ = {isa = PBXFileReference; lastKnownFileType = sourcecode.swift; path = FoodsResponse.swift; sourceTree = "<group>"; };
		F8639CB127C618EC00CDE134 /* APIService.swift */ = {isa = PBXFileReference; lastKnownFileType = sourcecode.swift; path = APIService.swift; sourceTree = "<group>"; };
		F8639CB327C6198400CDE134 /* MenuListViewModel.swift */ = {isa = PBXFileReference; lastKnownFileType = sourcecode.swift; path = MenuListViewModel.swift; sourceTree = "<group>"; };
		F87541BA27DEFD1200480D10 /* ClipModel.swift */ = {isa = PBXFileReference; lastKnownFileType = sourcecode.swift; path = ClipModel.swift; sourceTree = "<group>"; };
		F89B4C7D27DA292F0006ED44 /* RefreshableScrollView.swift */ = {isa = PBXFileReference; lastKnownFileType = sourcecode.swift; path = RefreshableScrollView.swift; sourceTree = "<group>"; };
		F89B4C8027DB76580006ED44 /* OrderViewModel.swift */ = {isa = PBXFileReference; lastKnownFileType = sourcecode.swift; path = OrderViewModel.swift; sourceTree = "<group>"; };
		F8A57CD327C6091900138905 /* API.swift */ = {isa = PBXFileReference; lastKnownFileType = sourcecode.swift; path = API.swift; sourceTree = "<group>"; };
		F8A57CD527C6098000138905 /* APISession.swift */ = {isa = PBXFileReference; lastKnownFileType = sourcecode.swift; path = APISession.swift; sourceTree = "<group>"; };
		F8A57CD727C611BB00138905 /* APIRequest.swift */ = {isa = PBXFileReference; lastKnownFileType = sourcecode.swift; path = APIRequest.swift; sourceTree = "<group>"; };
		F8B7089827D09BE20017AF53 /* LanguageButtonView.swift */ = {isa = PBXFileReference; lastKnownFileType = sourcecode.swift; path = LanguageButtonView.swift; sourceTree = "<group>"; };
		F8B7089C27D11AD00017AF53 /* LanguageListView.swift */ = {isa = PBXFileReference; lastKnownFileType = sourcecode.swift; path = LanguageListView.swift; sourceTree = "<group>"; };
		F8B708A027D11B6B0017AF53 /* LanguageCell.swift */ = {isa = PBXFileReference; lastKnownFileType = sourcecode.swift; path = LanguageCell.swift; sourceTree = "<group>"; };
		F8BFABDC27CBCEF600C69D32 /* WebSocketStream.swift */ = {isa = PBXFileReference; lastKnownFileType = sourcecode.swift; path = WebSocketStream.swift; sourceTree = "<group>"; };
		F8C9EA5827C9F7AB00B9949F /* LoadingView.swift */ = {isa = PBXFileReference; lastKnownFileType = sourcecode.swift; path = LoadingView.swift; sourceTree = "<group>"; };
		F8C9EA5F27CA1AB100B9949F /* TapOrderClip.app */ = {isa = PBXFileReference; explicitFileType = wrapper.application; includeInIndex = 0; path = TapOrderClip.app; sourceTree = BUILT_PRODUCTS_DIR; };
		F8C9EA6127CA1AB100B9949F /* TapOrderClipApp.swift */ = {isa = PBXFileReference; lastKnownFileType = sourcecode.swift; path = TapOrderClipApp.swift; sourceTree = "<group>"; };
		F8C9EA6327CA1AB100B9949F /* ContentView.swift */ = {isa = PBXFileReference; lastKnownFileType = sourcecode.swift; path = ContentView.swift; sourceTree = "<group>"; };
		F8C9EA6527CA1AB200B9949F /* Assets.xcassets */ = {isa = PBXFileReference; lastKnownFileType = folder.assetcatalog; path = Assets.xcassets; sourceTree = "<group>"; };
		F8C9EA6827CA1AB200B9949F /* Preview Assets.xcassets */ = {isa = PBXFileReference; lastKnownFileType = folder.assetcatalog; path = "Preview Assets.xcassets"; sourceTree = "<group>"; };
		F8C9EA6A27CA1AB200B9949F /* Info.plist */ = {isa = PBXFileReference; lastKnownFileType = text.plist.xml; path = Info.plist; sourceTree = "<group>"; };
		F8C9EA6B27CA1AB200B9949F /* TapOrderClip.entitlements */ = {isa = PBXFileReference; lastKnownFileType = text.plist.entitlements; path = TapOrderClip.entitlements; sourceTree = "<group>"; };
		F8ED546527DF351A00E71459 /* NWConnection+Extension.swift */ = {isa = PBXFileReference; fileEncoding = 4; lastKnownFileType = sourcecode.swift; path = "NWConnection+Extension.swift"; sourceTree = "<group>"; };
		F8ED546727DF351A00E71459 /* WebSocketConnection.swift */ = {isa = PBXFileReference; fileEncoding = 4; lastKnownFileType = sourcecode.swift; path = WebSocketConnection.swift; sourceTree = "<group>"; };
		F8ED546A27DF351A00E71459 /* NWWebSocket.swift */ = {isa = PBXFileReference; fileEncoding = 4; lastKnownFileType = sourcecode.swift; path = NWWebSocket.swift; sourceTree = "<group>"; };
		F8FBF7E427C3269200571A32 /* TapOrderApp.swift */ = {isa = PBXFileReference; lastKnownFileType = sourcecode.swift; path = TapOrderApp.swift; sourceTree = "<group>"; };
		F8FBF7E527C3269200571A32 /* ContentView.swift */ = {isa = PBXFileReference; lastKnownFileType = sourcecode.swift; path = ContentView.swift; sourceTree = "<group>"; };
		F8FBF7E627C3269300571A32 /* Assets.xcassets */ = {isa = PBXFileReference; lastKnownFileType = folder.assetcatalog; path = Assets.xcassets; sourceTree = "<group>"; };
		F8FBF7EB27C3269300571A32 /* TapOrder.app */ = {isa = PBXFileReference; explicitFileType = wrapper.application; includeInIndex = 0; path = TapOrder.app; sourceTree = BUILT_PRODUCTS_DIR; };
		F8FBF7F127C3269300571A32 /* TapOrder.app */ = {isa = PBXFileReference; explicitFileType = wrapper.application; includeInIndex = 0; path = TapOrder.app; sourceTree = BUILT_PRODUCTS_DIR; };
		F8FBF7F327C3269300571A32 /* TapOrder_macOS.entitlements */ = {isa = PBXFileReference; lastKnownFileType = text.plist.entitlements; path = TapOrder_macOS.entitlements; sourceTree = "<group>"; };
		F8FBF80B27C363F700571A32 /* MenuListView.swift */ = {isa = PBXFileReference; lastKnownFileType = sourcecode.swift; path = MenuListView.swift; sourceTree = "<group>"; };
		F8FBF80E27C36FF300571A32 /* MenuCategoryCell.swift */ = {isa = PBXFileReference; lastKnownFileType = sourcecode.swift; path = MenuCategoryCell.swift; sourceTree = "<group>"; };
		F8FBF81127C3769E00571A32 /* MenuListCell.swift */ = {isa = PBXFileReference; lastKnownFileType = sourcecode.swift; path = MenuListCell.swift; sourceTree = "<group>"; };
		F8FBF81427C472E500571A32 /* MainView.swift */ = {isa = PBXFileReference; lastKnownFileType = sourcecode.swift; path = MainView.swift; sourceTree = "<group>"; };
		F8FBF81727C47F2D00571A32 /* LoginView.swift */ = {isa = PBXFileReference; lastKnownFileType = sourcecode.swift; path = LoginView.swift; sourceTree = "<group>"; };
		F8FBF81A27C4A05900571A32 /* CartView.swift */ = {isa = PBXFileReference; lastKnownFileType = sourcecode.swift; path = CartView.swift; sourceTree = "<group>"; };
		F8FBF81D27C4A06C00571A32 /* OrderListView.swift */ = {isa = PBXFileReference; lastKnownFileType = sourcecode.swift; path = OrderListView.swift; sourceTree = "<group>"; };
		F8FBF82027C4AFCB00571A32 /* CartCell.swift */ = {isa = PBXFileReference; lastKnownFileType = sourcecode.swift; path = CartCell.swift; sourceTree = "<group>"; };
		F8FBF82327C4AFD600571A32 /* OrderListCell.swift */ = {isa = PBXFileReference; lastKnownFileType = sourcecode.swift; path = OrderListCell.swift; sourceTree = "<group>"; };
/* End PBXFileReference section */

/* Begin PBXFrameworksBuildPhase section */
		F8C9EA5C27CA1AB100B9949F /* Frameworks */ = {
			isa = PBXFrameworksBuildPhase;
			buildActionMask = 2147483647;
			files = (
				DC16EE9628016B7A00853115 /* Stripe in Frameworks */,
				DC183B2328006E40000051FB /* KeychainAccess in Frameworks */,
				DC183B2128006E30000051FB /* PopupView in Frameworks */,
				DC183B1F28006E20000051FB /* Kingfisher in Frameworks */,
				DC183B2528006E40000051FB /* LetterAvatarKit in Frameworks */,
			);
			runOnlyForDeploymentPostprocessing = 0;
		};
		F8FBF7E827C3269300571A32 /* Frameworks */ = {
			isa = PBXFrameworksBuildPhase;
			buildActionMask = 2147483647;
			files = (
				DC183B1928006E0F000051FB /* KeychainAccess in Frameworks */,
				DC183B1728006E0F000051FB /* FlagKit in Frameworks */,
				DC183B1528006E0F000051FB /* Kingfisher in Frameworks */,
				DC183B1328006E0F000051FB /* PopupView in Frameworks */,
				DC183B1B28006E0F000051FB /* LetterAvatarKit in Frameworks */,
				DC183B1D28006E0F000051FB /* Stripe in Frameworks */,
			);
			runOnlyForDeploymentPostprocessing = 0;
		};
		F8FBF7EE27C3269300571A32 /* Frameworks */ = {
			isa = PBXFrameworksBuildPhase;
			buildActionMask = 2147483647;
			files = (
			);
			runOnlyForDeploymentPostprocessing = 0;
		};
/* End PBXFrameworksBuildPhase section */

/* Begin PBXGroup section */
		8F89224627E21E5900526662 /* Util */ = {
			isa = PBXGroup;
			children = (
				8F89224A27E2211B00526662 /* AppInfo.swift */,
				8F89224727E21E8000526662 /* KeyChainUtil.swift */,
				DC45D71927E782910011F2C3 /* LoremSwiftum.swift */,
				8F89224427E21E5400526662 /* SignInWithApple.swift */,
			);
			path = Util;
			sourceTree = "<group>";
		};
		DC183B1128006E0F000051FB /* Frameworks */ = {
			isa = PBXGroup;
			children = (
			);
			name = Frameworks;
			sourceTree = "<group>";
		};
		DC931BA127E3994D00B4169C /* HttpAPI */ = {
			isa = PBXGroup;
			children = (
				F8A57CD327C6091900138905 /* API.swift */,
				F8A57CD527C6098000138905 /* APISession.swift */,
				F8A57CD727C611BB00138905 /* APIRequest.swift */,
				F8639CB127C618EC00CDE134 /* APIService.swift */,
			);
			path = HttpAPI;
			sourceTree = "<group>";
		};
		DC931BA327E399F500B4169C /* DataModel */ = {
			isa = PBXGroup;
			children = (
				F81F14E627C87C540069FFA8 /* CartResponse.swift */,
				F87541BA27DEFD1200480D10 /* ClipModel.swift */,
				F8639CAF27C615BB00CDE134 /* FoodsResponse.swift */,
				F81D5FB027D76039009BE108 /* NewFoodsResponse.swift */,
			);
			path = DataModel;
			sourceTree = "<group>";
		};
		DC931BA427E39A7200B4169C /* Extension */ = {
			isa = PBXGroup;
			children = (
				DC931B8E27E3675300B4169C /* Color+TapOrder.swift */,
				DC931BA927E39BA100B4169C /* Bundle+TapOrder.swift */,
				DC931B9D27E36B5F00B4169C /* Number+TapOrder.swift */,
				DC931B9627E36ABE00B4169C /* String+TapOrder.swift */,
				DC931B8B27E3672900B4169C /* UIColor+TapOrder.swift */,
				DC931B9A27E36AE900B4169C /* UITabBarController+TapOrder.swift */,
				DC931B9227E36A9400B4169C /* View+TapOrder.swift */,
			);
			path = Extension;
			sourceTree = "<group>";
		};
		DC931BA527E39ADB00B4169C /* Views */ = {
			isa = PBXGroup;
			children = (
				F8FBF81727C47F2D00571A32 /* LoginView.swift */,
				F81D5FAA27D2F50D009BE108 /* LoginViewModel.swift */,
				F8FBF81427C472E500571A32 /* MainView.swift */,
				F81F14E827C8BBAA0069FFA8 /* UserViewModel.swift */,
				DC931BA827E39B6800B4169C /* Language */,
				DC931BA727E39B4A00B4169C /* OrderList */,
				DC931BA627E39B3200B4169C /* Menu */,
				F8A57CD227C607DB00138905 /* Cart */,
				F8B7089827D09BE20017AF53 /* LanguageButtonView.swift */,
				F8C9EA5827C9F7AB00B9949F /* LoadingView.swift */,
				F89B4C7D27DA292F0006ED44 /* RefreshableScrollView.swift */,
				F8252A8327C8E72200D80724 /* ToastView.swift */,
			);
			path = Views;
			sourceTree = "<group>";
		};
		DC931BA627E39B3200B4169C /* Menu */ = {
			isa = PBXGroup;
			children = (
				F8FBF80E27C36FF300571A32 /* MenuCategoryCell.swift */,
				F8FBF81127C3769E00571A32 /* MenuListCell.swift */,
				F8FBF80B27C363F700571A32 /* MenuListView.swift */,
				F8639CB327C6198400CDE134 /* MenuListViewModel.swift */,
				F81D5FB327D764CC009BE108 /* FoodViewModel.swift */,
			);
			path = Menu;
			sourceTree = "<group>";
		};
		DC931BA727E39B4A00B4169C /* OrderList */ = {
			isa = PBXGroup;
			children = (
				F8FBF82327C4AFD600571A32 /* OrderListCell.swift */,
				F8FBF81D27C4A06C00571A32 /* OrderListView.swift */,
				F89B4C8027DB76580006ED44 /* OrderViewModel.swift */,
			);
			path = OrderList;
			sourceTree = "<group>";
		};
		DC931BA827E39B6800B4169C /* Language */ = {
			isa = PBXGroup;
			children = (
				F8B708A027D11B6B0017AF53 /* LanguageCell.swift */,
				F8B7089C27D11AD00017AF53 /* LanguageListView.swift */,
			);
			path = Language;
			sourceTree = "<group>";
		};
		F8A57CD227C607DB00138905 /* Cart */ = {
			isa = PBXGroup;
			children = (
				F8FBF82027C4AFCB00571A32 /* CartCell.swift */,
				F8FBF81A27C4A05900571A32 /* CartView.swift */,
				F81F14E427C75FE00069FFA8 /* CartViewModel.swift */,
			);
			path = Cart;
			sourceTree = "<group>";
		};
		F8C9EA6027CA1AB100B9949F /* TapOrderClip */ = {
			isa = PBXGroup;
			children = (
				F8C9EA6127CA1AB100B9949F /* TapOrderClipApp.swift */,
				F8C9EA6327CA1AB100B9949F /* ContentView.swift */,
				F8C9EA6B27CA1AB200B9949F /* TapOrderClip.entitlements */,
				F8C9EA6527CA1AB200B9949F /* Assets.xcassets */,
				F8C9EA6A27CA1AB200B9949F /* Info.plist */,
				F8C9EA6727CA1AB200B9949F /* Preview Content */,
			);
			path = TapOrderClip;
			sourceTree = "<group>";
		};
		F8C9EA6727CA1AB200B9949F /* Preview Content */ = {
			isa = PBXGroup;
			children = (
				F8C9EA6827CA1AB200B9949F /* Preview Assets.xcassets */,
			);
			path = "Preview Content";
			sourceTree = "<group>";
		};
		F8ED546327DF351A00E71459 /* WebSocket */ = {
			isa = PBXGroup;
			children = (
				F8BFABDC27CBCEF600C69D32 /* WebSocketStream.swift */,
				F8ED546A27DF351A00E71459 /* NWWebSocket.swift */,
				F8ED546527DF351A00E71459 /* NWConnection+Extension.swift */,
				F8ED546727DF351A00E71459 /* WebSocketConnection.swift */,
			);
			path = WebSocket;
			sourceTree = "<group>";
		};
		F8FBF7DE27C3269100571A32 = {
			isa = PBXGroup;
			children = (
				DC45D72227EA325F0011F2C3 /* policy.html */,
				DC931BA227E3998F00B4169C /* TapOrderPlayground.playground */,
				DC931BA127E3994D00B4169C /* HttpAPI */,
				F8ED546327DF351A00E71459 /* WebSocket */,
				DC931BA327E399F500B4169C /* DataModel */,
				F8FBF7E327C3269200571A32 /* TapOrder */,
				F8C9EA6027CA1AB100B9949F /* TapOrderClip */,
				DC931BA527E39ADB00B4169C /* Views */,
				8F89224627E21E5900526662 /* Util */,
				DC931BA427E39A7200B4169C /* Extension */,
				F8FBF7EC27C3269300571A32 /* Products */,
				F81D5FA427D25C52009BE108 /* Localizable.strings */,
				F8252A7727C5202B00D80724 /* GoogleService-Info.plist */,
				DC183B1128006E0F000051FB /* Frameworks */,
			);
			sourceTree = "<group>";
		};
		F8FBF7E327C3269200571A32 /* TapOrder */ = {
			isa = PBXGroup;
			children = (
				DC045175280063D400EFB2B2 /* Info.plist */,
				F81D5FA627D2F30A009BE108 /* TapOrder.entitlements */,
				F8FBF7F327C3269300571A32 /* TapOrder_macOS.entitlements */,
				F8FBF7E427C3269200571A32 /* TapOrderApp.swift */,
				DC0451732800616C00EFB2B2 /* AppDelegate.swift */,
				F8FBF7E527C3269200571A32 /* ContentView.swift */,
				8F89224F27E24DC400526662 /* ContentViewModel.swift */,
				F8FBF7E627C3269300571A32 /* Assets.xcassets */,
			);
			path = TapOrder;
			sourceTree = "<group>";
		};
		F8FBF7EC27C3269300571A32 /* Products */ = {
			isa = PBXGroup;
			children = (
				F8FBF7EB27C3269300571A32 /* TapOrder.app */,
				F8FBF7F127C3269300571A32 /* TapOrder.app */,
				F8C9EA5F27CA1AB100B9949F /* TapOrderClip.app */,
			);
			name = Products;
			sourceTree = "<group>";
		};
/* End PBXGroup section */

/* Begin PBXNativeTarget section */
		F8C9EA5E27CA1AB100B9949F /* TapOrderClip */ = {
			isa = PBXNativeTarget;
			buildConfigurationList = F8C9EA6F27CA1AB200B9949F /* Build configuration list for PBXNativeTarget "TapOrderClip" */;
			buildPhases = (
				F8C9EA5B27CA1AB100B9949F /* Sources */,
				F8C9EA5C27CA1AB100B9949F /* Frameworks */,
				F8C9EA5D27CA1AB100B9949F /* Resources */,
			);
			buildRules = (
			);
			dependencies = (
			);
			name = TapOrderClip;
			packageProductDependencies = (
				DC183B1E28006E20000051FB /* Kingfisher */,
				DC183B2028006E30000051FB /* PopupView */,
				DC183B2228006E40000051FB /* KeychainAccess */,
				DC183B2428006E40000051FB /* LetterAvatarKit */,
				DC16EE9528016B7A00853115 /* Stripe */,
			);
			productName = TapOrderClip;
			productReference = F8C9EA5F27CA1AB100B9949F /* TapOrderClip.app */;
			productType = "com.apple.product-type.application.on-demand-install-capable";
		};
		F8FBF7EA27C3269300571A32 /* TapOrder */ = {
			isa = PBXNativeTarget;
			buildConfigurationList = F8FBF7FC27C3269300571A32 /* Build configuration list for PBXNativeTarget "TapOrder" */;
			buildPhases = (
				F8FBF7E727C3269300571A32 /* Sources */,
				F8FBF7E827C3269300571A32 /* Frameworks */,
				F8FBF7E927C3269300571A32 /* Resources */,
				F8C9EA7227CA1AB200B9949F /* Embed App Clips */,
				DC45D73027EF8EE20011F2C3 /* ShellScript */,
			);
			buildRules = (
			);
			dependencies = (
			);
			name = TapOrder;
			packageProductDependencies = (
				DC183B1228006E0F000051FB /* PopupView */,
				DC183B1428006E0F000051FB /* Kingfisher */,
				DC183B1628006E0F000051FB /* FlagKit */,
				DC183B1828006E0F000051FB /* KeychainAccess */,
				DC183B1A28006E0F000051FB /* LetterAvatarKit */,
				DC183B1C28006E0F000051FB /* Stripe */,
			);
			productName = "TapOrder (iOS)";
			productReference = F8FBF7EB27C3269300571A32 /* TapOrder.app */;
			productType = "com.apple.product-type.application";
		};
		F8FBF7F027C3269300571A32 /* TapOrder_macOS */ = {
			isa = PBXNativeTarget;
			buildConfigurationList = F8FBF7FF27C3269300571A32 /* Build configuration list for PBXNativeTarget "TapOrder_macOS" */;
			buildPhases = (
				F8FBF7ED27C3269300571A32 /* Sources */,
				F8FBF7EE27C3269300571A32 /* Frameworks */,
				F8FBF7EF27C3269300571A32 /* Resources */,
			);
			buildRules = (
			);
			dependencies = (
			);
			name = TapOrder_macOS;
			packageProductDependencies = (
			);
			productName = "TapOrder (macOS)";
			productReference = F8FBF7F127C3269300571A32 /* TapOrder.app */;
			productType = "com.apple.product-type.application";
		};
/* End PBXNativeTarget section */

/* Begin PBXProject section */
		F8FBF7DF27C3269100571A32 /* Project object */ = {
			isa = PBXProject;
			attributes = {
				BuildIndependentTargetsInParallel = 1;
				LastSwiftUpdateCheck = 1320;
				LastUpgradeCheck = 1330;
				TargetAttributes = {
					F8C9EA5E27CA1AB100B9949F = {
						CreatedOnToolsVersion = 13.2;
					};
					F8FBF7EA27C3269300571A32 = {
						CreatedOnToolsVersion = 13.2.1;
					};
					F8FBF7F027C3269300571A32 = {
						CreatedOnToolsVersion = 13.2.1;
					};
				};
			};
			buildConfigurationList = F8FBF7E227C3269100571A32 /* Build configuration list for PBXProject "TapOrder" */;
			compatibilityVersion = "Xcode 13.0";
			developmentRegion = en;
			hasScannedForEncodings = 0;
			knownRegions = (
				en,
				Base,
				ja,
				"zh-Hant",
				"zh-Hans",
			);
			mainGroup = F8FBF7DE27C3269100571A32;
			packageReferences = (
				F8252A7D27C8DDF800D80724 /* XCRemoteSwiftPackageReference "PopupView" */,
				F8252A8027C8DE7900D80724 /* XCRemoteSwiftPackageReference "Kingfisher" */,
				F81D5FAD27D34F0C009BE108 /* XCRemoteSwiftPackageReference "FlagKit" */,
				8F89223F27E20EE400526662 /* XCRemoteSwiftPackageReference "KeychainAccess" */,
				DC45D71C27E7841E0011F2C3 /* XCRemoteSwiftPackageReference "LetterAvatarKit" */,
				DC04516A280048C300EFB2B2 /* XCRemoteSwiftPackageReference "stripe-ios" */,
			);
			productRefGroup = F8FBF7EC27C3269300571A32 /* Products */;
			projectDirPath = "";
			projectRoot = "";
			targets = (
				F8FBF7EA27C3269300571A32 /* TapOrder */,
				F8C9EA5E27CA1AB100B9949F /* TapOrderClip */,
				F8FBF7F027C3269300571A32 /* TapOrder_macOS */,
			);
		};
/* End PBXProject section */

/* Begin PBXResourcesBuildPhase section */
		F8C9EA5D27CA1AB100B9949F /* Resources */ = {
			isa = PBXResourcesBuildPhase;
			buildActionMask = 2147483647;
			files = (
				DC45D72427EA325F0011F2C3 /* policy.html in Resources */,
				F8C9EA6927CA1AB200B9949F /* Preview Assets.xcassets in Resources */,
				F81D5FA227D25C52009BE108 /* Localizable.strings in Resources */,
				F8A6D5EB27CA1C7200BA45FA /* Assets.xcassets in Resources */,
				F8C9EA6627CA1AB200B9949F /* Assets.xcassets in Resources */,
			);
			runOnlyForDeploymentPostprocessing = 0;
		};
		F8FBF7E927C3269300571A32 /* Resources */ = {
			isa = PBXResourcesBuildPhase;
			buildActionMask = 2147483647;
			files = (
				F8FBF7F827C3269300571A32 /* Assets.xcassets in Resources */,
				F81D5FA127D25C52009BE108 /* Localizable.strings in Resources */,
				DC45D72327EA325F0011F2C3 /* policy.html in Resources */,
				F8252A7827C5202B00D80724 /* GoogleService-Info.plist in Resources */,
			);
			runOnlyForDeploymentPostprocessing = 0;
		};
		F8FBF7EF27C3269300571A32 /* Resources */ = {
			isa = PBXResourcesBuildPhase;
			buildActionMask = 2147483647;
			files = (
				F8FBF7F927C3269300571A32 /* Assets.xcassets in Resources */,
				F8252A7927C5202B00D80724 /* GoogleService-Info.plist in Resources */,
			);
			runOnlyForDeploymentPostprocessing = 0;
		};
/* End PBXResourcesBuildPhase section */

/* Begin PBXShellScriptBuildPhase section */
		DC45D73027EF8EE20011F2C3 /* ShellScript */ = {
			isa = PBXShellScriptBuildPhase;
			buildActionMask = 2147483647;
			files = (
			);
			inputFileListPaths = (
			);
			inputPaths = (
			);
			outputFileListPaths = (
			);
			outputPaths = (
			);
			runOnlyForDeploymentPostprocessing = 0;
			shellPath = /bin/sh;
			shellScript = "# Type a script or drag a script file from your workspace to insert its path.\n#./update_build_number.sh\n";
		};
/* End PBXShellScriptBuildPhase section */

/* Begin PBXSourcesBuildPhase section */
		F8C9EA5B27CA1AB100B9949F /* Sources */ = {
			isa = PBXSourcesBuildPhase;
			buildActionMask = 2147483647;
			files = (
				DC931B9127E3675300B4169C /* Color+TapOrder.swift in Sources */,
				F8C9EA8327CA1B4500B9949F /* API.swift in Sources */,
				DC931BB427E3B15E00B4169C /* ContentView.swift in Sources */,
				8F89225527E2510A00526662 /* LoginViewModel.swift in Sources */,
				DC931B9927E36ABE00B4169C /* String+TapOrder.swift in Sources */,
				F89B4C8227DB76580006ED44 /* OrderViewModel.swift in Sources */,
				F8C9EA7E27CA1B3C00B9949F /* MenuCategoryCell.swift in Sources */,
				F81D5FB527D764CC009BE108 /* FoodViewModel.swift in Sources */,
				DC931BB127E39CC000B4169C /* LoadingView.swift in Sources */,
				F8C9EA6227CA1AB100B9949F /* TapOrderClipApp.swift in Sources */,
				F8C9EA7527CA1B2300B9949F /* MainView.swift in Sources */,
				F8B7089F27D11AD00017AF53 /* LanguageListView.swift in Sources */,
				F8C9EA8627CA1B4500B9949F /* FoodsResponse.swift in Sources */,
				DC931B8D27E3672900B4169C /* UIColor+TapOrder.swift in Sources */,
				F8BFABDE27CBCEF600C69D32 /* WebSocketStream.swift in Sources */,
				F8C9EA7827CA1B3C00B9949F /* OrderListView.swift in Sources */,
				F87541BC27DEFD1200480D10 /* ClipModel.swift in Sources */,
				DC931B9C27E36AE900B4169C /* UITabBarController+TapOrder.swift in Sources */,
				DC931BB327E39CDB00B4169C /* LanguageButtonView.swift in Sources */,
				F8C9EA8827CA1B4500B9949F /* CartResponse.swift in Sources */,
				DC931B9527E36A9400B4169C /* View+TapOrder.swift in Sources */,
				F8C9EA8027CA1B4500B9949F /* APISession.swift in Sources */,
				8F89224D27E2211B00526662 /* AppInfo.swift in Sources */,
				8F89224927E21E8000526662 /* KeyChainUtil.swift in Sources */,
				DC931BB027E39CB700B4169C /* LoginView.swift in Sources */,
				F8C9EA8427CA1B4500B9949F /* MenuListViewModel.swift in Sources */,
				DC45D71B27E782910011F2C3 /* LoremSwiftum.swift in Sources */,
				8F89225227E24DC400526662 /* ContentViewModel.swift in Sources */,
				F8B708A327D11B6B0017AF53 /* LanguageCell.swift in Sources */,
				F8ED547027DF351A00E71459 /* NWWebSocket.swift in Sources */,
				DC931BAC27E39BA100B4169C /* Bundle+TapOrder.swift in Sources */,
				DC931BAF27E39CA200B4169C /* ToastView.swift in Sources */,
				F8C9EA8727CA1B4500B9949F /* APIService.swift in Sources */,
				F8C9EA8227CA1B4500B9949F /* APIRequest.swift in Sources */,
				F8A6D5E727CA1B8900BA45FA /* CartViewModel.swift in Sources */,
				F8C9EA7F27CA1B3C00B9949F /* MenuListCell.swift in Sources */,
				DC931BA027E36B5F00B4169C /* Number+TapOrder.swift in Sources */,
				F81D5FB227D76039009BE108 /* NewFoodsResponse.swift in Sources */,
				DC931BB227E39CD200B4169C /* RefreshableScrollView.swift in Sources */,
				F8C9EA7B27CA1B3C00B9949F /* MenuListView.swift in Sources */,
				8F89225727E2511500526662 /* SignInWithApple.swift in Sources */,
				F8C9EA7D27CA1B3C00B9949F /* CartCell.swift in Sources */,
				F8ED546C27DF351A00E71459 /* NWConnection+Extension.swift in Sources */,
				F8ED546E27DF351A00E71459 /* WebSocketConnection.swift in Sources */,
				F8C9EA8127CA1B4500B9949F /* UserViewModel.swift in Sources */,
				F8C9EA7A27CA1B3C00B9949F /* OrderListCell.swift in Sources */,
				F8C9EA7C27CA1B3C00B9949F /* CartView.swift in Sources */,
			);
			runOnlyForDeploymentPostprocessing = 0;
		};
		F8FBF7E727C3269300571A32 /* Sources */ = {
			isa = PBXSourcesBuildPhase;
			buildActionMask = 2147483647;
			files = (
				F8FBF81827C47F2D00571A32 /* LoginView.swift in Sources */,
				F8B7089927D09BE20017AF53 /* LanguageButtonView.swift in Sources */,
				DC931B8F27E3675300B4169C /* Color+TapOrder.swift in Sources */,
				F8FBF7F627C3269300571A32 /* ContentView.swift in Sources */,
				F8A57CD627C6098000138905 /* APISession.swift in Sources */,
				F81D5FAB27D2F50D009BE108 /* LoginViewModel.swift in Sources */,
				F8FBF81227C3769E00571A32 /* MenuListCell.swift in Sources */,
				DC931B9727E36ABE00B4169C /* String+TapOrder.swift in Sources */,
				F89B4C8127DB76580006ED44 /* OrderViewModel.swift in Sources */,
				8F89224827E21E8000526662 /* KeyChainUtil.swift in Sources */,
				F8639CB427C6198400CDE134 /* MenuListViewModel.swift in Sources */,
				DC0451742800616C00EFB2B2 /* AppDelegate.swift in Sources */,
				F81D5FB427D764CC009BE108 /* FoodViewModel.swift in Sources */,
				F81F14E527C75FE00069FFA8 /* CartViewModel.swift in Sources */,
				F8639CB227C618EC00CDE134 /* APIService.swift in Sources */,
				F8B7089D27D11AD00017AF53 /* LanguageListView.swift in Sources */,
				F8FBF82127C4AFCB00571A32 /* CartCell.swift in Sources */,
				DC931B8C27E3672900B4169C /* UIColor+TapOrder.swift in Sources */,
				F81F14E727C87C540069FFA8 /* CartResponse.swift in Sources */,
				F8BFABDD27CBCEF600C69D32 /* WebSocketStream.swift in Sources */,
				F8FBF81527C472E500571A32 /* MainView.swift in Sources */,
				F87541BB27DEFD1200480D10 /* ClipModel.swift in Sources */,
				DC931B9B27E36AE900B4169C /* UITabBarController+TapOrder.swift in Sources */,
				8F89224B27E2211B00526662 /* AppInfo.swift in Sources */,
				DC931B9327E36A9400B4169C /* View+TapOrder.swift in Sources */,
				F8C9EA5927C9F7AB00B9949F /* LoadingView.swift in Sources */,
				F81F14E927C8BBAA0069FFA8 /* UserViewModel.swift in Sources */,
				DC45D71A27E782910011F2C3 /* LoremSwiftum.swift in Sources */,
				F8252A8427C8E72200D80724 /* ToastView.swift in Sources */,
				8F89224527E21E5400526662 /* SignInWithApple.swift in Sources */,
				F8FBF80C27C363F700571A32 /* MenuListView.swift in Sources */,
				F8B708A127D11B6B0017AF53 /* LanguageCell.swift in Sources */,
				DC931BAA27E39BA100B4169C /* Bundle+TapOrder.swift in Sources */,
				F8ED546F27DF351A00E71459 /* NWWebSocket.swift in Sources */,
				F8A57CD827C611BB00138905 /* APIRequest.swift in Sources */,
				F8FBF80F27C36FF300571A32 /* MenuCategoryCell.swift in Sources */,
				F8A57CD427C6091900138905 /* API.swift in Sources */,
				DC931B9E27E36B5F00B4169C /* Number+TapOrder.swift in Sources */,
				F81D5FB127D76039009BE108 /* NewFoodsResponse.swift in Sources */,
				F8FBF7F427C3269300571A32 /* TapOrderApp.swift in Sources */,
				F8FBF81E27C4A06C00571A32 /* OrderListView.swift in Sources */,
				F8ED546B27DF351A00E71459 /* NWConnection+Extension.swift in Sources */,
				F8ED546D27DF351A00E71459 /* WebSocketConnection.swift in Sources */,
				F8639CB027C615BB00CDE134 /* FoodsResponse.swift in Sources */,
				8F89225027E24DC400526662 /* ContentViewModel.swift in Sources */,
				F8FBF81B27C4A05900571A32 /* CartView.swift in Sources */,
				F8FBF82427C4AFD600571A32 /* OrderListCell.swift in Sources */,
				F89B4C7E27DA292F0006ED44 /* RefreshableScrollView.swift in Sources */,
			);
			runOnlyForDeploymentPostprocessing = 0;
		};
		F8FBF7ED27C3269300571A32 /* Sources */ = {
			isa = PBXSourcesBuildPhase;
			buildActionMask = 2147483647;
			files = (
				F8FBF81927C47F2D00571A32 /* LoginView.swift in Sources */,
				F8B7089E27D11AD00017AF53 /* LanguageListView.swift in Sources */,
				F8FBF7F727C3269300571A32 /* ContentView.swift in Sources */,
				F8FBF81327C3769E00571A32 /* MenuListCell.swift in Sources */,
				DC931BAB27E39BA100B4169C /* Bundle+TapOrder.swift in Sources */,
				8F89225127E24DC400526662 /* ContentViewModel.swift in Sources */,
				8F89224E27E2246500526662 /* KeyChainUtil.swift in Sources */,
				F8FBF82227C4AFCB00571A32 /* CartCell.swift in Sources */,
				DC931BAD27E39BFF00B4169C /* RefreshableScrollView.swift in Sources */,
				DC931B9027E3675300B4169C /* Color+TapOrder.swift in Sources */,
				F8FBF81627C472E500571A32 /* MainView.swift in Sources */,
				DC931B9F27E36B5F00B4169C /* Number+TapOrder.swift in Sources */,
				F8252A8527C8E72200D80724 /* ToastView.swift in Sources */,
				F8B708A227D11B6B0017AF53 /* LanguageCell.swift in Sources */,
				F8FBF80D27C363F700571A32 /* MenuListView.swift in Sources */,
				DC931B9827E36ABE00B4169C /* String+TapOrder.swift in Sources */,
				DC931B9427E36A9400B4169C /* View+TapOrder.swift in Sources */,
				F8FBF81027C36FF300571A32 /* MenuCategoryCell.swift in Sources */,
				F8FBF7F527C3269300571A32 /* TapOrderApp.swift in Sources */,
				F8B7089A27D09BE20017AF53 /* LanguageButtonView.swift in Sources */,
				F8FBF81F27C4A06C00571A32 /* OrderListView.swift in Sources */,
				F8FBF81C27C4A05900571A32 /* CartView.swift in Sources */,
				F8C9EA5A27C9F7AB00B9949F /* LoadingView.swift in Sources */,
				F8FBF82527C4AFD600571A32 /* OrderListCell.swift in Sources */,
				8F89224C27E2211B00526662 /* AppInfo.swift in Sources */,
				8F89225627E2511400526662 /* SignInWithApple.swift in Sources */,
				8F89225427E2510A00526662 /* LoginViewModel.swift in Sources */,
			);
			runOnlyForDeploymentPostprocessing = 0;
		};
/* End PBXSourcesBuildPhase section */

/* Begin PBXVariantGroup section */
		F81D5FA427D25C52009BE108 /* Localizable.strings */ = {
			isa = PBXVariantGroup;
			children = (
				F81D5FA327D25C52009BE108 /* en */,
				F81D5FA527D25C70009BE108 /* ja */,
				DC931BB627E4EEF600B4169C /* zh-Hant */,
			);
			name = Localizable.strings;
			sourceTree = "<group>";
		};
/* End PBXVariantGroup section */

/* Begin XCBuildConfiguration section */
		F8C9EA7027CA1AB200B9949F /* Debug */ = {
			isa = XCBuildConfiguration;
			buildSettings = {
				ASSETCATALOG_COMPILER_APPICON_NAME = AppIcon;
				ASSETCATALOG_COMPILER_GLOBAL_ACCENT_COLOR_NAME = AccentColor;
				CODE_SIGN_ENTITLEMENTS = TapOrderClip/TapOrderClip.entitlements;
				CODE_SIGN_IDENTITY = "Apple Development";
				CODE_SIGN_STYLE = Automatic;
				CURRENT_PROJECT_VERSION = 22040902;
				DEVELOPMENT_ASSET_PATHS = "\"TapOrderClip/Preview Content\"";
				DEVELOPMENT_TEAM = VBHPLCMQNB;
				ENABLE_PREVIEWS = YES;
				GENERATE_INFOPLIST_FILE = YES;
				INFOPLIST_FILE = TapOrderClip/Info.plist;
				INFOPLIST_KEY_CFBundleDisplayName = TapOrder;
				INFOPLIST_KEY_UIApplicationSceneManifest_Generation = YES;
				INFOPLIST_KEY_UIApplicationSupportsIndirectInputEvents = YES;
				INFOPLIST_KEY_UILaunchScreen_Generation = YES;
				INFOPLIST_KEY_UISupportedInterfaceOrientations_iPad = "UIInterfaceOrientationPortrait UIInterfaceOrientationPortraitUpsideDown UIInterfaceOrientationLandscapeLeft UIInterfaceOrientationLandscapeRight";
				INFOPLIST_KEY_UISupportedInterfaceOrientations_iPhone = "UIInterfaceOrientationPortrait UIInterfaceOrientationLandscapeLeft UIInterfaceOrientationLandscapeRight";
				INFOPLIST_KEY_UIUserInterfaceStyle = Light;
				IPHONEOS_DEPLOYMENT_TARGET = 15.0;
				LD_RUNPATH_SEARCH_PATHS = (
					"$(inherited)",
					"@executable_path/Frameworks",
				);
				MARKETING_VERSION = 1.0.1;
				PRODUCT_BUNDLE_IDENTIFIER = "$(AppIdentifierPrefix)io.orangesys.tap-order.Clip";
				PRODUCT_NAME = "$(TARGET_NAME)";
				PROVISIONING_PROFILE_SPECIFIER = "";
				SDKROOT = iphoneos;
				SWIFT_EMIT_LOC_STRINGS = YES;
				SWIFT_VERSION = 5.0;
				TARGETED_DEVICE_FAMILY = 1;
				VERSIONING_SYSTEM = "apple-generic";
			};
			name = Debug;
		};
		F8C9EA7127CA1AB200B9949F /* Release */ = {
			isa = XCBuildConfiguration;
			buildSettings = {
				ASSETCATALOG_COMPILER_APPICON_NAME = AppIcon;
				ASSETCATALOG_COMPILER_GLOBAL_ACCENT_COLOR_NAME = AccentColor;
				CODE_SIGN_ENTITLEMENTS = TapOrderClip/TapOrderClip.entitlements;
				CODE_SIGN_IDENTITY = "Apple Development";
				CODE_SIGN_STYLE = Automatic;
				CURRENT_PROJECT_VERSION = 22040902;
				DEVELOPMENT_ASSET_PATHS = "\"TapOrderClip/Preview Content\"";
				DEVELOPMENT_TEAM = "";
				ENABLE_PREVIEWS = YES;
				GENERATE_INFOPLIST_FILE = YES;
				INFOPLIST_FILE = TapOrderClip/Info.plist;
				INFOPLIST_KEY_CFBundleDisplayName = TapOrder;
				INFOPLIST_KEY_UIApplicationSceneManifest_Generation = YES;
				INFOPLIST_KEY_UIApplicationSupportsIndirectInputEvents = YES;
				INFOPLIST_KEY_UILaunchScreen_Generation = YES;
				INFOPLIST_KEY_UISupportedInterfaceOrientations_iPad = "UIInterfaceOrientationPortrait UIInterfaceOrientationPortraitUpsideDown UIInterfaceOrientationLandscapeLeft UIInterfaceOrientationLandscapeRight";
				INFOPLIST_KEY_UISupportedInterfaceOrientations_iPhone = "UIInterfaceOrientationPortrait UIInterfaceOrientationLandscapeLeft UIInterfaceOrientationLandscapeRight";
				INFOPLIST_KEY_UIUserInterfaceStyle = Light;
				IPHONEOS_DEPLOYMENT_TARGET = 15.0;
				LD_RUNPATH_SEARCH_PATHS = (
					"$(inherited)",
					"@executable_path/Frameworks",
				);
				MARKETING_VERSION = 1.0.1;
				PRODUCT_BUNDLE_IDENTIFIER = "$(AppIdentifierPrefix)io.orangesys.tap-order.Clip";
				PRODUCT_NAME = "$(TARGET_NAME)";
				PROVISIONING_PROFILE_SPECIFIER = "";
				SDKROOT = iphoneos;
				SWIFT_EMIT_LOC_STRINGS = YES;
				SWIFT_VERSION = 5.0;
				TARGETED_DEVICE_FAMILY = 1;
				VALIDATE_PRODUCT = YES;
				VERSIONING_SYSTEM = "apple-generic";
			};
			name = Release;
		};
		F8FBF7FA27C3269300571A32 /* Debug */ = {
			isa = XCBuildConfiguration;
			buildSettings = {
				ALWAYS_SEARCH_USER_PATHS = NO;
				CLANG_ANALYZER_LOCALIZABILITY_NONLOCALIZED = YES;
				CLANG_ANALYZER_NONNULL = YES;
				CLANG_ANALYZER_NUMBER_OBJECT_CONVERSION = YES_AGGRESSIVE;
				CLANG_CXX_LANGUAGE_STANDARD = "gnu++17";
				CLANG_CXX_LIBRARY = "libc++";
				CLANG_ENABLE_MODULES = YES;
				CLANG_ENABLE_OBJC_ARC = YES;
				CLANG_ENABLE_OBJC_WEAK = YES;
				CLANG_WARN_BLOCK_CAPTURE_AUTORELEASING = YES;
				CLANG_WARN_BOOL_CONVERSION = YES;
				CLANG_WARN_COMMA = YES;
				CLANG_WARN_CONSTANT_CONVERSION = YES;
				CLANG_WARN_DEPRECATED_OBJC_IMPLEMENTATIONS = YES;
				CLANG_WARN_DIRECT_OBJC_ISA_USAGE = YES_ERROR;
				CLANG_WARN_DOCUMENTATION_COMMENTS = YES;
				CLANG_WARN_EMPTY_BODY = YES;
				CLANG_WARN_ENUM_CONVERSION = YES;
				CLANG_WARN_INFINITE_RECURSION = YES;
				CLANG_WARN_INT_CONVERSION = YES;
				CLANG_WARN_NON_LITERAL_NULL_CONVERSION = YES;
				CLANG_WARN_OBJC_IMPLICIT_RETAIN_SELF = YES;
				CLANG_WARN_OBJC_LITERAL_CONVERSION = YES;
				CLANG_WARN_OBJC_ROOT_CLASS = YES_ERROR;
				CLANG_WARN_QUOTED_INCLUDE_IN_FRAMEWORK_HEADER = YES;
				CLANG_WARN_RANGE_LOOP_ANALYSIS = YES;
				CLANG_WARN_STRICT_PROTOTYPES = YES;
				CLANG_WARN_SUSPICIOUS_MOVE = YES;
				CLANG_WARN_UNGUARDED_AVAILABILITY = YES_AGGRESSIVE;
				CLANG_WARN_UNREACHABLE_CODE = YES;
				CLANG_WARN__DUPLICATE_METHOD_MATCH = YES;
				COPY_PHASE_STRIP = NO;
				DEBUG_INFORMATION_FORMAT = dwarf;
				ENABLE_STRICT_OBJC_MSGSEND = YES;
				ENABLE_TESTABILITY = YES;
				GCC_C_LANGUAGE_STANDARD = gnu11;
				GCC_DYNAMIC_NO_PIC = NO;
				GCC_NO_COMMON_BLOCKS = YES;
				GCC_OPTIMIZATION_LEVEL = 0;
				GCC_PREPROCESSOR_DEFINITIONS = (
					"DEBUG=1",
					"$(inherited)",
				);
				GCC_WARN_64_TO_32_BIT_CONVERSION = YES;
				GCC_WARN_ABOUT_RETURN_TYPE = YES_ERROR;
				GCC_WARN_UNDECLARED_SELECTOR = YES;
				GCC_WARN_UNINITIALIZED_AUTOS = YES_AGGRESSIVE;
				GCC_WARN_UNUSED_FUNCTION = YES;
				GCC_WARN_UNUSED_VARIABLE = YES;
				MTL_ENABLE_DEBUG_INFO = INCLUDE_SOURCE;
				MTL_FAST_MATH = YES;
				ONLY_ACTIVE_ARCH = YES;
				SWIFT_ACTIVE_COMPILATION_CONDITIONS = DEBUG;
				SWIFT_OPTIMIZATION_LEVEL = "-Onone";
			};
			name = Debug;
		};
		F8FBF7FB27C3269300571A32 /* Release */ = {
			isa = XCBuildConfiguration;
			buildSettings = {
				ALWAYS_SEARCH_USER_PATHS = NO;
				CLANG_ANALYZER_LOCALIZABILITY_NONLOCALIZED = YES;
				CLANG_ANALYZER_NONNULL = YES;
				CLANG_ANALYZER_NUMBER_OBJECT_CONVERSION = YES_AGGRESSIVE;
				CLANG_CXX_LANGUAGE_STANDARD = "gnu++17";
				CLANG_CXX_LIBRARY = "libc++";
				CLANG_ENABLE_MODULES = YES;
				CLANG_ENABLE_OBJC_ARC = YES;
				CLANG_ENABLE_OBJC_WEAK = YES;
				CLANG_WARN_BLOCK_CAPTURE_AUTORELEASING = YES;
				CLANG_WARN_BOOL_CONVERSION = YES;
				CLANG_WARN_COMMA = YES;
				CLANG_WARN_CONSTANT_CONVERSION = YES;
				CLANG_WARN_DEPRECATED_OBJC_IMPLEMENTATIONS = YES;
				CLANG_WARN_DIRECT_OBJC_ISA_USAGE = YES_ERROR;
				CLANG_WARN_DOCUMENTATION_COMMENTS = YES;
				CLANG_WARN_EMPTY_BODY = YES;
				CLANG_WARN_ENUM_CONVERSION = YES;
				CLANG_WARN_INFINITE_RECURSION = YES;
				CLANG_WARN_INT_CONVERSION = YES;
				CLANG_WARN_NON_LITERAL_NULL_CONVERSION = YES;
				CLANG_WARN_OBJC_IMPLICIT_RETAIN_SELF = YES;
				CLANG_WARN_OBJC_LITERAL_CONVERSION = YES;
				CLANG_WARN_OBJC_ROOT_CLASS = YES_ERROR;
				CLANG_WARN_QUOTED_INCLUDE_IN_FRAMEWORK_HEADER = YES;
				CLANG_WARN_RANGE_LOOP_ANALYSIS = YES;
				CLANG_WARN_STRICT_PROTOTYPES = YES;
				CLANG_WARN_SUSPICIOUS_MOVE = YES;
				CLANG_WARN_UNGUARDED_AVAILABILITY = YES_AGGRESSIVE;
				CLANG_WARN_UNREACHABLE_CODE = YES;
				CLANG_WARN__DUPLICATE_METHOD_MATCH = YES;
				COPY_PHASE_STRIP = NO;
				DEBUG_INFORMATION_FORMAT = "dwarf-with-dsym";
				ENABLE_NS_ASSERTIONS = NO;
				ENABLE_STRICT_OBJC_MSGSEND = YES;
				GCC_C_LANGUAGE_STANDARD = gnu11;
				GCC_NO_COMMON_BLOCKS = YES;
				GCC_WARN_64_TO_32_BIT_CONVERSION = YES;
				GCC_WARN_ABOUT_RETURN_TYPE = YES_ERROR;
				GCC_WARN_UNDECLARED_SELECTOR = YES;
				GCC_WARN_UNINITIALIZED_AUTOS = YES_AGGRESSIVE;
				GCC_WARN_UNUSED_FUNCTION = YES;
				GCC_WARN_UNUSED_VARIABLE = YES;
				MTL_ENABLE_DEBUG_INFO = NO;
				MTL_FAST_MATH = YES;
				SWIFT_COMPILATION_MODE = wholemodule;
				SWIFT_OPTIMIZATION_LEVEL = "-O";
			};
			name = Release;
		};
		F8FBF7FD27C3269300571A32 /* Debug */ = {
			isa = XCBuildConfiguration;
			buildSettings = {
				ALWAYS_EMBED_SWIFT_STANDARD_LIBRARIES = YES;
				ASSETCATALOG_COMPILER_APPICON_NAME = AppIcon;
				ASSETCATALOG_COMPILER_GLOBAL_ACCENT_COLOR_NAME = AccentColor;
				CODE_SIGN_ENTITLEMENTS = TapOrder/TapOrder.entitlements;
				CODE_SIGN_IDENTITY = "Apple Development";
				CODE_SIGN_STYLE = Automatic;
				CURRENT_PROJECT_VERSION = 22040902;
				DEVELOPMENT_TEAM = VBHPLCMQNB;
				ENABLE_PREVIEWS = YES;
				GENERATE_INFOPLIST_FILE = YES;
				INFOPLIST_FILE = TapOrder/Info.plist;
				INFOPLIST_KEY_NSCameraUsageDescription = "TapOrder needs  to scan cards for payment through camera";
				INFOPLIST_KEY_UIApplicationSceneManifest_Generation = YES;
				INFOPLIST_KEY_UIApplicationSupportsIndirectInputEvents = YES;
				INFOPLIST_KEY_UILaunchScreen_Generation = YES;
				INFOPLIST_KEY_UISupportedInterfaceOrientations_iPad = "UIInterfaceOrientationPortrait UIInterfaceOrientationPortraitUpsideDown UIInterfaceOrientationLandscapeLeft UIInterfaceOrientationLandscapeRight";
				INFOPLIST_KEY_UISupportedInterfaceOrientations_iPhone = "UIInterfaceOrientationPortrait UIInterfaceOrientationLandscapeLeft UIInterfaceOrientationLandscapeRight";
				INFOPLIST_KEY_UIUserInterfaceStyle = Light;
				IPHONEOS_DEPLOYMENT_TARGET = 15.0;
				LD_RUNPATH_SEARCH_PATHS = (
					"$(inherited)",
					"@executable_path/Frameworks",
				);
				MARKETING_VERSION = 1.0.1;
				PRODUCT_BUNDLE_IDENTIFIER = "io.orangesys.tap-order";
				PRODUCT_NAME = TapOrder;
				PROVISIONING_PROFILE_SPECIFIER = "";
				SDKROOT = iphoneos;
				SWIFT_EMIT_LOC_STRINGS = YES;
				SWIFT_VERSION = 5.0;
				TARGETED_DEVICE_FAMILY = 1;
				TVOS_DEPLOYMENT_TARGET = 14.0;
				VERSIONING_SYSTEM = "apple-generic";
			};
			name = Debug;
		};
		F8FBF7FE27C3269300571A32 /* Release */ = {
			isa = XCBuildConfiguration;
			buildSettings = {
				ALWAYS_EMBED_SWIFT_STANDARD_LIBRARIES = YES;
				ASSETCATALOG_COMPILER_APPICON_NAME = AppIcon;
				ASSETCATALOG_COMPILER_GLOBAL_ACCENT_COLOR_NAME = AccentColor;
				CODE_SIGN_ENTITLEMENTS = TapOrder/TapOrder.entitlements;
				CODE_SIGN_IDENTITY = "Apple Development";
				CODE_SIGN_STYLE = Automatic;
				CURRENT_PROJECT_VERSION = 22040902;
				DEVELOPMENT_TEAM = VBHPLCMQNB;
				ENABLE_PREVIEWS = YES;
				GENERATE_INFOPLIST_FILE = YES;
				INFOPLIST_FILE = TapOrder/Info.plist;
				INFOPLIST_KEY_NSCameraUsageDescription = "TapOrder needs  to scan cards for payment through camera";
				INFOPLIST_KEY_UIApplicationSceneManifest_Generation = YES;
				INFOPLIST_KEY_UIApplicationSupportsIndirectInputEvents = YES;
				INFOPLIST_KEY_UILaunchScreen_Generation = YES;
				INFOPLIST_KEY_UISupportedInterfaceOrientations_iPad = "UIInterfaceOrientationPortrait UIInterfaceOrientationPortraitUpsideDown UIInterfaceOrientationLandscapeLeft UIInterfaceOrientationLandscapeRight";
				INFOPLIST_KEY_UISupportedInterfaceOrientations_iPhone = "UIInterfaceOrientationPortrait UIInterfaceOrientationLandscapeLeft UIInterfaceOrientationLandscapeRight";
				INFOPLIST_KEY_UIUserInterfaceStyle = Light;
				IPHONEOS_DEPLOYMENT_TARGET = 15.0;
				LD_RUNPATH_SEARCH_PATHS = (
					"$(inherited)",
					"@executable_path/Frameworks",
				);
				MARKETING_VERSION = 1.0.1;
				PRODUCT_BUNDLE_IDENTIFIER = "io.orangesys.tap-order";
				PRODUCT_NAME = TapOrder;
				PROVISIONING_PROFILE_SPECIFIER = "";
				SDKROOT = iphoneos;
				SWIFT_EMIT_LOC_STRINGS = YES;
				SWIFT_VERSION = 5.0;
				TARGETED_DEVICE_FAMILY = 1;
				TVOS_DEPLOYMENT_TARGET = 14.0;
				VALIDATE_PRODUCT = YES;
				VERSIONING_SYSTEM = "apple-generic";
			};
			name = Release;
		};
		F8FBF80027C3269300571A32 /* Debug */ = {
			isa = XCBuildConfiguration;
			buildSettings = {
				ASSETCATALOG_COMPILER_APPICON_NAME = AppIcon;
				ASSETCATALOG_COMPILER_GLOBAL_ACCENT_COLOR_NAME = AccentColor;
				CODE_SIGN_ENTITLEMENTS = TapOrder_macOS.entitlements;
				CODE_SIGN_IDENTITY = "-";
				CODE_SIGN_STYLE = Manual;
				COMBINE_HIDPI_IMAGES = YES;
				CURRENT_PROJECT_VERSION = 22031810;
				DEVELOPMENT_TEAM = "";
				ENABLE_HARDENED_RUNTIME = YES;
				ENABLE_PREVIEWS = YES;
				GENERATE_INFOPLIST_FILE = YES;
				INFOPLIST_KEY_NSHumanReadableCopyright = "";
				LD_RUNPATH_SEARCH_PATHS = (
					"$(inherited)",
					"@executable_path/../Frameworks",
				);
				MACOSX_DEPLOYMENT_TARGET = 12.1;
				MARKETING_VERSION = 1.0.1;
				PRODUCT_BUNDLE_IDENTIFIER = "io.orangesys.tap-order.mac";
				PRODUCT_NAME = TapOrder;
				PROVISIONING_PROFILE_SPECIFIER = "";
				SDKROOT = macosx;
				SWIFT_EMIT_LOC_STRINGS = YES;
				SWIFT_VERSION = 5.0;
			};
			name = Debug;
		};
		F8FBF80127C3269300571A32 /* Release */ = {
			isa = XCBuildConfiguration;
			buildSettings = {
				ASSETCATALOG_COMPILER_APPICON_NAME = AppIcon;
				ASSETCATALOG_COMPILER_GLOBAL_ACCENT_COLOR_NAME = AccentColor;
				CODE_SIGN_ENTITLEMENTS = TapOrder_macOS.entitlements;
				CODE_SIGN_IDENTITY = "-";
				CODE_SIGN_STYLE = Manual;
				COMBINE_HIDPI_IMAGES = YES;
				CURRENT_PROJECT_VERSION = 22031810;
				DEVELOPMENT_TEAM = "";
				ENABLE_HARDENED_RUNTIME = YES;
				ENABLE_PREVIEWS = YES;
				GENERATE_INFOPLIST_FILE = YES;
				INFOPLIST_KEY_NSHumanReadableCopyright = "";
				LD_RUNPATH_SEARCH_PATHS = (
					"$(inherited)",
					"@executable_path/../Frameworks",
				);
				MACOSX_DEPLOYMENT_TARGET = 12.1;
				MARKETING_VERSION = 1.0.1;
				PRODUCT_BUNDLE_IDENTIFIER = "io.orangesys.tap-order.mac";
				PRODUCT_NAME = TapOrder;
				PROVISIONING_PROFILE_SPECIFIER = "";
				SDKROOT = macosx;
				SWIFT_EMIT_LOC_STRINGS = YES;
				SWIFT_VERSION = 5.0;
			};
			name = Release;
		};
/* End XCBuildConfiguration section */

/* Begin XCConfigurationList section */
		F8C9EA6F27CA1AB200B9949F /* Build configuration list for PBXNativeTarget "TapOrderClip" */ = {
			isa = XCConfigurationList;
			buildConfigurations = (
				F8C9EA7027CA1AB200B9949F /* Debug */,
				F8C9EA7127CA1AB200B9949F /* Release */,
			);
			defaultConfigurationIsVisible = 0;
			defaultConfigurationName = Release;
		};
		F8FBF7E227C3269100571A32 /* Build configuration list for PBXProject "TapOrder" */ = {
			isa = XCConfigurationList;
			buildConfigurations = (
				F8FBF7FA27C3269300571A32 /* Debug */,
				F8FBF7FB27C3269300571A32 /* Release */,
			);
			defaultConfigurationIsVisible = 0;
			defaultConfigurationName = Release;
		};
		F8FBF7FC27C3269300571A32 /* Build configuration list for PBXNativeTarget "TapOrder" */ = {
			isa = XCConfigurationList;
			buildConfigurations = (
				F8FBF7FD27C3269300571A32 /* Debug */,
				F8FBF7FE27C3269300571A32 /* Release */,
			);
			defaultConfigurationIsVisible = 0;
			defaultConfigurationName = Release;
		};
		F8FBF7FF27C3269300571A32 /* Build configuration list for PBXNativeTarget "TapOrder_macOS" */ = {
			isa = XCConfigurationList;
			buildConfigurations = (
				F8FBF80027C3269300571A32 /* Debug */,
				F8FBF80127C3269300571A32 /* Release */,
			);
			defaultConfigurationIsVisible = 0;
			defaultConfigurationName = Release;
		};
/* End XCConfigurationList section */

/* Begin XCRemoteSwiftPackageReference section */
		8F89223F27E20EE400526662 /* XCRemoteSwiftPackageReference "KeychainAccess" */ = {
			isa = XCRemoteSwiftPackageReference;
			repositoryURL = "https://github.com/kishikawakatsumi/KeychainAccess.git";
			requirement = {
				branch = master;
				kind = branch;
			};
		};
		DC04516A280048C300EFB2B2 /* XCRemoteSwiftPackageReference "stripe-ios" */ = {
			isa = XCRemoteSwiftPackageReference;
			repositoryURL = "https://github.com/stripe/stripe-ios.git";
			requirement = {
				kind = upToNextMajorVersion;
				minimumVersion = 22.0.0;
			};
		};
		DC45D71C27E7841E0011F2C3 /* XCRemoteSwiftPackageReference "LetterAvatarKit" */ = {
			isa = XCRemoteSwiftPackageReference;
			repositoryURL = "https://github.com/vpeschenkov/LetterAvatarKit.git";
			requirement = {
				kind = upToNextMajorVersion;
				minimumVersion = 1.0.0;
			};
		};
		F81D5FAD27D34F0C009BE108 /* XCRemoteSwiftPackageReference "FlagKit" */ = {
			isa = XCRemoteSwiftPackageReference;
			repositoryURL = "https://github.com/madebybowtie/FlagKit.git";
			requirement = {
				kind = upToNextMajorVersion;
				minimumVersion = 2.0.0;
			};
		};
		F8252A7D27C8DDF800D80724 /* XCRemoteSwiftPackageReference "PopupView" */ = {
			isa = XCRemoteSwiftPackageReference;
			repositoryURL = "https://github.com/exyte/PopupView.git";
			requirement = {
				kind = upToNextMajorVersion;
				minimumVersion = 1.0.0;
			};
		};
		F8252A8027C8DE7900D80724 /* XCRemoteSwiftPackageReference "Kingfisher" */ = {
			isa = XCRemoteSwiftPackageReference;
			repositoryURL = "https://github.com/onevcat/Kingfisher.git";
			requirement = {
				kind = upToNextMajorVersion;
				minimumVersion = 7.0.0;
			};
		};
/* End XCRemoteSwiftPackageReference section */

/* Begin XCSwiftPackageProductDependency section */
		DC16EE9528016B7A00853115 /* Stripe */ = {
			isa = XCSwiftPackageProductDependency;
			package = DC04516A280048C300EFB2B2 /* XCRemoteSwiftPackageReference "stripe-ios" */;
			productName = Stripe;
		};
		DC183B1228006E0F000051FB /* PopupView */ = {
			isa = XCSwiftPackageProductDependency;
			package = F8252A7D27C8DDF800D80724 /* XCRemoteSwiftPackageReference "PopupView" */;
			productName = PopupView;
		};
		DC183B1428006E0F000051FB /* Kingfisher */ = {
			isa = XCSwiftPackageProductDependency;
			package = F8252A8027C8DE7900D80724 /* XCRemoteSwiftPackageReference "Kingfisher" */;
			productName = Kingfisher;
		};
		DC183B1628006E0F000051FB /* FlagKit */ = {
			isa = XCSwiftPackageProductDependency;
			package = F81D5FAD27D34F0C009BE108 /* XCRemoteSwiftPackageReference "FlagKit" */;
			productName = FlagKit;
		};
		DC183B1828006E0F000051FB /* KeychainAccess */ = {
			isa = XCSwiftPackageProductDependency;
			package = 8F89223F27E20EE400526662 /* XCRemoteSwiftPackageReference "KeychainAccess" */;
			productName = KeychainAccess;
		};
		DC183B1A28006E0F000051FB /* LetterAvatarKit */ = {
			isa = XCSwiftPackageProductDependency;
			package = DC45D71C27E7841E0011F2C3 /* XCRemoteSwiftPackageReference "LetterAvatarKit" */;
			productName = LetterAvatarKit;
		};
		DC183B1C28006E0F000051FB /* Stripe */ = {
			isa = XCSwiftPackageProductDependency;
			package = DC04516A280048C300EFB2B2 /* XCRemoteSwiftPackageReference "stripe-ios" */;
			productName = Stripe;
		};
		DC183B1E28006E20000051FB /* Kingfisher */ = {
			isa = XCSwiftPackageProductDependency;
			package = F8252A8027C8DE7900D80724 /* XCRemoteSwiftPackageReference "Kingfisher" */;
			productName = Kingfisher;
		};
		DC183B2028006E30000051FB /* PopupView */ = {
			isa = XCSwiftPackageProductDependency;
			package = F8252A7D27C8DDF800D80724 /* XCRemoteSwiftPackageReference "PopupView" */;
			productName = PopupView;
		};
		DC183B2228006E40000051FB /* KeychainAccess */ = {
			isa = XCSwiftPackageProductDependency;
			package = 8F89223F27E20EE400526662 /* XCRemoteSwiftPackageReference "KeychainAccess" */;
			productName = KeychainAccess;
		};
		DC183B2428006E40000051FB /* LetterAvatarKit */ = {
			isa = XCSwiftPackageProductDependency;
			package = DC45D71C27E7841E0011F2C3 /* XCRemoteSwiftPackageReference "LetterAvatarKit" */;
			productName = LetterAvatarKit;
		};
/* End XCSwiftPackageProductDependency section */
	};
	rootObject = F8FBF7DF27C3269100571A32 /* Project object */;
}
